// !$*UTF8*$!
{
	archiveVersion = 1;
	classes = {
	};
	objectVersion = 60;
	objects = {

/* Begin PBXBuildFile section */
		840C6DBE2B84C5EB0052E6AA /* CopyButton.swift in Sources */ = {isa = PBXBuildFile; fileRef = 840C6DBD2B84C5EB0052E6AA /* CopyButton.swift */; };
		840C6DC12B84CDC90052E6AA /* OutputDateRangeField.swift in Sources */ = {isa = PBXBuildFile; fileRef = 840C6DC02B84CDC90052E6AA /* OutputDateRangeField.swift */; };
		840C6DC32B84E6710052E6AA /* ContractDetailGroup.swift in Sources */ = {isa = PBXBuildFile; fileRef = 840C6DC22B84E6710052E6AA /* ContractDetailGroup.swift */; };
		840C6DC52B856A200052E6AA /* TransactionStateEntity.swift in Sources */ = {isa = PBXBuildFile; fileRef = 840C6DC42B856A200052E6AA /* TransactionStateEntity.swift */; };
		840C6DC72B856D770052E6AA /* NewContractEventModel.swift in Sources */ = {isa = PBXBuildFile; fileRef = 840C6DC62B856D770052E6AA /* NewContractEventModel.swift */; };
		840C6DC92B8570850052E6AA /* ConnectWallet.swift in Sources */ = {isa = PBXBuildFile; fileRef = 840C6DC82B8570850052E6AA /* ConnectWallet.swift */; };
		840C6DCB2B85734A0052E6AA /* EthereumTransactionReceiptStatusModel.swift in Sources */ = {isa = PBXBuildFile; fileRef = 840C6DCA2B85734A0052E6AA /* EthereumTransactionReceiptStatusModel.swift */; };
		840C6DCD2B8575AD0052E6AA /* GetValidContractRequestModel.swift in Sources */ = {isa = PBXBuildFile; fileRef = 840C6DCC2B8575AD0052E6AA /* GetValidContractRequestModel.swift */; };
		840C6DCF2B8575CD0052E6AA /* GetValidContractResponseModel.swift in Sources */ = {isa = PBXBuildFile; fileRef = 840C6DCE2B8575CD0052E6AA /* GetValidContractResponseModel.swift */; };
		840C6DD12B8579D70052E6AA /* GetValidContract.swift in Sources */ = {isa = PBXBuildFile; fileRef = 840C6DD02B8579D70052E6AA /* GetValidContract.swift */; };
		840C6DD32B857AC70052E6AA /* GetTransactionState.swift in Sources */ = {isa = PBXBuildFile; fileRef = 840C6DD22B857AC70052E6AA /* GetTransactionState.swift */; };
		840C6DD52B85811C0052E6AA /* NewContractEventEntity.swift in Sources */ = {isa = PBXBuildFile; fileRef = 840C6DD42B85811C0052E6AA /* NewContractEventEntity.swift */; };
		841A96562B7E689600BDA450 /* PayWithWalletPage.swift in Sources */ = {isa = PBXBuildFile; fileRef = 841A96552B7E689600BDA450 /* PayWithWalletPage.swift */; };
		841A96582B7E68AB00BDA450 /* MetaMaskButton.swift in Sources */ = {isa = PBXBuildFile; fileRef = 841A96572B7E68AB00BDA450 /* MetaMaskButton.swift */; };
		8439696A2B86D4D900FA3E00 /* WalletRepositoryImpl.swift in Sources */ = {isa = PBXBuildFile; fileRef = 843969692B86D4D900FA3E00 /* WalletRepositoryImpl.swift */; };
		8439696C2B86DBF600FA3E00 /* UnderwritingVM.swift in Sources */ = {isa = PBXBuildFile; fileRef = 8439696B2B86DBF600FA3E00 /* UnderwritingVM.swift */; };
		8439696E2B86DD9000FA3E00 /* IsWalletConnected.swift in Sources */ = {isa = PBXBuildFile; fileRef = 8439696D2B86DD9000FA3E00 /* IsWalletConnected.swift */; };
		843969702B86E54200FA3E00 /* GetContractRequestModel.swift in Sources */ = {isa = PBXBuildFile; fileRef = 8439696F2B86E54200FA3E00 /* GetContractRequestModel.swift */; };
		843969722B86E55500FA3E00 /* GetContractResponseModel.swift in Sources */ = {isa = PBXBuildFile; fileRef = 843969712B86E55500FA3E00 /* GetContractResponseModel.swift */; };
		843969742B86E74600FA3E00 /* HasContractRequestModel.swift in Sources */ = {isa = PBXBuildFile; fileRef = 843969732B86E74600FA3E00 /* HasContractRequestModel.swift */; };
		843969762B86E77E00FA3E00 /* HasValidContractRequestModel.swift in Sources */ = {isa = PBXBuildFile; fileRef = 843969752B86E77E00FA3E00 /* HasValidContractRequestModel.swift */; };
		843969782B86E79900FA3E00 /* HasContractResponseModel.swift in Sources */ = {isa = PBXBuildFile; fileRef = 843969772B86E79900FA3E00 /* HasContractResponseModel.swift */; };
		8439697A2B86E7AE00FA3E00 /* HasValidContractResponseModel.swift in Sources */ = {isa = PBXBuildFile; fileRef = 843969792B86E7AE00FA3E00 /* HasValidContractResponseModel.swift */; };
		8439697C2B86EAD400FA3E00 /* GetAppState.swift in Sources */ = {isa = PBXBuildFile; fileRef = 8439697B2B86EAD400FA3E00 /* GetAppState.swift */; };
		8439697E2B86EFA000FA3E00 /* WelcomePage.swift in Sources */ = {isa = PBXBuildFile; fileRef = 8439697D2B86EFA000FA3E00 /* WelcomePage.swift */; };
		843969802B86F3C400FA3E00 /* ConnectWithWalletPage.swift in Sources */ = {isa = PBXBuildFile; fileRef = 8439697F2B86F3C400FA3E00 /* ConnectWithWalletPage.swift */; };
		843969822B876BD500FA3E00 /* LoadingPage.swift in Sources */ = {isa = PBXBuildFile; fileRef = 843969812B876BD500FA3E00 /* LoadingPage.swift */; };
		843969842B87709300FA3E00 /* AppState.swift in Sources */ = {isa = PBXBuildFile; fileRef = 843969832B87709300FA3E00 /* AppState.swift */; };
		843969902B87768E00FA3E00 /* LoginButton.swift in Sources */ = {isa = PBXBuildFile; fileRef = 8439698F2B87768E00FA3E00 /* LoginButton.swift */; };
		843969922B8794E100FA3E00 /* ErrorViewBuilder.swift in Sources */ = {isa = PBXBuildFile; fileRef = 843969912B8794E100FA3E00 /* ErrorViewBuilder.swift */; };
		843969942B87AA6900FA3E00 /* WalletErrorViewBuilder.swift in Sources */ = {isa = PBXBuildFile; fileRef = 843969932B87AA6900FA3E00 /* WalletErrorViewBuilder.swift */; };
		843969962B87C90700FA3E00 /* WalletSheetViewBuilder.swift in Sources */ = {isa = PBXBuildFile; fileRef = 843969952B87C90700FA3E00 /* WalletSheetViewBuilder.swift */; };
		843969982B87F70100FA3E00 /* AlreadyInsured.swift in Sources */ = {isa = PBXBuildFile; fileRef = 843969972B87F70100FA3E00 /* AlreadyInsured.swift */; };
		8454E8872B6C9790007A3887 /* GetMonthlyPremiumRequestModel.swift in Sources */ = {isa = PBXBuildFile; fileRef = 8454E8862B6C9790007A3887 /* GetMonthlyPremiumRequestModel.swift */; };
		8454E88F2B6E79B7007A3887 /* ContractRemoteDatasource.swift in Sources */ = {isa = PBXBuildFile; fileRef = 8454E88E2B6E79B7007A3887 /* ContractRemoteDatasource.swift */; };
		8454E8A12B6FC1E4007A3887 /* web3-zksync.swift in Frameworks */ = {isa = PBXBuildFile; productRef = 8454E8A02B6FC1E4007A3887 /* web3-zksync.swift */; };
		8454E8A32B6FC1E4007A3887 /* web3.swift in Frameworks */ = {isa = PBXBuildFile; productRef = 8454E8A22B6FC1E4007A3887 /* web3.swift */; };
		8454E8A82B763D5B007A3887 /* Configuration.swift in Sources */ = {isa = PBXBuildFile; fileRef = 8454E8A72B763D5B007A3887 /* Configuration.swift */; };
		8454E8AA2B765995007A3887 /* ContractRepository.swift in Sources */ = {isa = PBXBuildFile; fileRef = 8454E8A92B765995007A3887 /* ContractRepository.swift */; };
		8454E8AC2B765A10007A3887 /* CalculateYearlyPremium.swift in Sources */ = {isa = PBXBuildFile; fileRef = 8454E8AB2B765A10007A3887 /* CalculateYearlyPremium.swift */; };
		8454E8AE2B765EF0007A3887 /* ContractRepositoryImpl.swift in Sources */ = {isa = PBXBuildFile; fileRef = 8454E8AD2B765EF0007A3887 /* ContractRepositoryImpl.swift */; };
		8454E8B02B76750B007A3887 /* GetMonthlyPremiumResponseModel.swift in Sources */ = {isa = PBXBuildFile; fileRef = 8454E8AF2B76750B007A3887 /* GetMonthlyPremiumResponseModel.swift */; };
		8454E8B32B7683A3007A3887 /* PremiumCalculationEntity.swift in Sources */ = {isa = PBXBuildFile; fileRef = 8454E8B22B7683A3007A3887 /* PremiumCalculationEntity.swift */; };
		8454E8B62B768FC1007A3887 /* EthUnits.swift in Sources */ = {isa = PBXBuildFile; fileRef = 8454E8B52B768FC1007A3887 /* EthUnits.swift */; };
		8454E8BA2B77D6C1007A3887 /* PremiumEntity.swift in Sources */ = {isa = PBXBuildFile; fileRef = 8454E8B92B77D6C1007A3887 /* PremiumEntity.swift */; };
		8454E8BE2B77DC8F007A3887 /* PremiumDetailGroup.swift in Sources */ = {isa = PBXBuildFile; fileRef = 8454E8BD2B77DC8F007A3887 /* PremiumDetailGroup.swift */; };
		8454E8C42B783F54007A3887 /* NavigationLinkButton.swift in Sources */ = {isa = PBXBuildFile; fileRef = 8454E8C32B783F54007A3887 /* NavigationLinkButton.swift */; };
		8454E8C62B7867F7007A3887 /* JSONRPCErrorDetailModel.swift in Sources */ = {isa = PBXBuildFile; fileRef = 8454E8C52B7867F7007A3887 /* JSONRPCErrorDetailModel.swift */; };
		8454E8C82B79199C007A3887 /* CheckBMI.swift in Sources */ = {isa = PBXBuildFile; fileRef = 8454E8C72B79199C007A3887 /* CheckBMI.swift */; };
		8454E8CA2B791C4B007A3887 /* CheckBMIRequestModel.swift in Sources */ = {isa = PBXBuildFile; fileRef = 8454E8C92B791C4B007A3887 /* CheckBMIRequestModel.swift */; };
		8454E8CC2B791C71007A3887 /* CheckBMIResponseModel.swift in Sources */ = {isa = PBXBuildFile; fileRef = 8454E8CB2B791C71007A3887 /* CheckBMIResponseModel.swift */; };
		8454E8CE2B791C89007A3887 /* CheckHealthQuestionsRequestModel.swift in Sources */ = {isa = PBXBuildFile; fileRef = 8454E8CD2B791C89007A3887 /* CheckHealthQuestionsRequestModel.swift */; };
		8454E8D02B791CA1007A3887 /* CheckHealthQuestionsResponseModel.swift in Sources */ = {isa = PBXBuildFile; fileRef = 8454E8CF2B791CA1007A3887 /* CheckHealthQuestionsResponseModel.swift */; };
		846D6F002B6AEAD80074F2F3 /* RESTClientError.swift in Sources */ = {isa = PBXBuildFile; fileRef = 846D6EFF2B6AEAD80074F2F3 /* RESTClientError.swift */; };
		846D6F022B6AEAE00074F2F3 /* RESTClient.swift in Sources */ = {isa = PBXBuildFile; fileRef = 846D6F012B6AEAE00074F2F3 /* RESTClient.swift */; };
		846D6F042B6AEAE80074F2F3 /* HTTPMethod.swift in Sources */ = {isa = PBXBuildFile; fileRef = 846D6F032B6AEAE80074F2F3 /* HTTPMethod.swift */; };
		846D6F082B6AEC420074F2F3 /* CoreContainer.swift in Sources */ = {isa = PBXBuildFile; fileRef = 846D6F072B6AEC420074F2F3 /* CoreContainer.swift */; };
		846D6F0A2B6AED130074F2F3 /* ExchangeRateRemoteDatasource.swift in Sources */ = {isa = PBXBuildFile; fileRef = 846D6F092B6AED130074F2F3 /* ExchangeRateRemoteDatasource.swift */; };
		846D6F0C2B6AF0D70074F2F3 /* ExchangeRateDataModel.swift in Sources */ = {isa = PBXBuildFile; fileRef = 846D6F0B2B6AF0D70074F2F3 /* ExchangeRateDataModel.swift */; };
		846D6F0E2B6AFAB10074F2F3 /* ExchangeRateRepository.swift in Sources */ = {isa = PBXBuildFile; fileRef = 846D6F0D2B6AFAB10074F2F3 /* ExchangeRateRepository.swift */; };
		846D6F102B6AFB660074F2F3 /* ExchangeRateRepositoryImpl.swift in Sources */ = {isa = PBXBuildFile; fileRef = 846D6F0F2B6AFB660074F2F3 /* ExchangeRateRepositoryImpl.swift */; };
		846D6F122B6B01A60074F2F3 /* CommonError.swift in Sources */ = {isa = PBXBuildFile; fileRef = 846D6F112B6B01A60074F2F3 /* CommonError.swift */; };
		846D6F152B6B08020074F2F3 /* CalculateEurInEth.swift in Sources */ = {isa = PBXBuildFile; fileRef = 846D6F142B6B08020074F2F3 /* CalculateEurInEth.swift */; };
		846D6F172B6B08250074F2F3 /* CalculateEthInEur.swift in Sources */ = {isa = PBXBuildFile; fileRef = 846D6F162B6B08250074F2F3 /* CalculateEthInEur.swift */; };
		846D6F1B2B6C372D0074F2F3 /* metamask-ios-sdk in Frameworks */ = {isa = PBXBuildFile; productRef = 846D6F1A2B6C372D0074F2F3 /* metamask-ios-sdk */; };
		846D6F1E2B6C38D90074F2F3 /* WalletLocalDataSource.swift in Sources */ = {isa = PBXBuildFile; fileRef = 846D6F1D2B6C38D90074F2F3 /* WalletLocalDataSource.swift */; };
		849471C62B863CA9000EC4D3 /* DateUtils.swift in Sources */ = {isa = PBXBuildFile; fileRef = 849471C52B863CA9000EC4D3 /* DateUtils.swift */; };
		849471C82B865F0B000EC4D3 /* GetContractByTransaction.swift in Sources */ = {isa = PBXBuildFile; fileRef = 849471C72B865F0B000EC4D3 /* GetContractByTransaction.swift */; };
		849471CD2B869348000EC4D3 /* WalletVM.swift in Sources */ = {isa = PBXBuildFile; fileRef = 849471CC2B869348000EC4D3 /* WalletVM.swift */; };
		849471D02B8694E4000EC4D3 /* OnboardingContainer.swift in Sources */ = {isa = PBXBuildFile; fileRef = 849471CF2B8694E4000EC4D3 /* OnboardingContainer.swift */; };
		849471DD2B86A0B1000EC4D3 /* WalletRepository.swift in Sources */ = {isa = PBXBuildFile; fileRef = 849471DC2B86A0B1000EC4D3 /* WalletRepository.swift */; };
		849471E52B86AEC4000EC4D3 /* EthereumRemoteDatasource.swift in Sources */ = {isa = PBXBuildFile; fileRef = 849471E42B86AEC4000EC4D3 /* EthereumRemoteDatasource.swift */; };
		849471E82B86B0BB000EC4D3 /* EthereumRepositoryImpl.swift in Sources */ = {isa = PBXBuildFile; fileRef = 849471E72B86B0BB000EC4D3 /* EthereumRepositoryImpl.swift */; };
		849471EA2B86B25A000EC4D3 /* EthereumRepository.swift in Sources */ = {isa = PBXBuildFile; fileRef = 849471E92B86B25A000EC4D3 /* EthereumRepository.swift */; };
		84A4F87B2B6368F30018AA37 /* HospitalCashApp.swift in Sources */ = {isa = PBXBuildFile; fileRef = 84A4F87A2B6368F30018AA37 /* HospitalCashApp.swift */; };
		84A4F87D2B6368F30018AA37 /* ContentView.swift in Sources */ = {isa = PBXBuildFile; fileRef = 84A4F87C2B6368F30018AA37 /* ContentView.swift */; };
		84A4F87F2B6368F40018AA37 /* Assets.xcassets in Resources */ = {isa = PBXBuildFile; fileRef = 84A4F87E2B6368F40018AA37 /* Assets.xcassets */; };
		84A4F8822B6368F40018AA37 /* Preview Assets.xcassets in Resources */ = {isa = PBXBuildFile; fileRef = 84A4F8812B6368F40018AA37 /* Preview Assets.xcassets */; };
		84C4265C2B8232F4002AC308 /* UnderwriteContractRequestModel.swift in Sources */ = {isa = PBXBuildFile; fileRef = 84C4265B2B8232F4002AC308 /* UnderwriteContractRequestModel.swift */; };
		84C426602B823355002AC308 /* PremiumCalculationModel.swift in Sources */ = {isa = PBXBuildFile; fileRef = 84C4265F2B823355002AC308 /* PremiumCalculationModel.swift */; };
		84C426622B823364002AC308 /* BodyMeasureModel.swift in Sources */ = {isa = PBXBuildFile; fileRef = 84C426612B823364002AC308 /* BodyMeasureModel.swift */; };
		84C426642B823392002AC308 /* InsuranceContractModel.swift in Sources */ = {isa = PBXBuildFile; fileRef = 84C426632B823392002AC308 /* InsuranceContractModel.swift */; };
		84C426662B8235F1002AC308 /* ContractApplicationModel.swift in Sources */ = {isa = PBXBuildFile; fileRef = 84C426652B8235F1002AC308 /* ContractApplicationModel.swift */; };
		84C426682B82E403002AC308 /* ContractDetailPage.swift in Sources */ = {isa = PBXBuildFile; fileRef = 84C426672B82E403002AC308 /* ContractDetailPage.swift */; };
		84EA13D72B7976870075561E /* HealthQuestionModel.swift in Sources */ = {isa = PBXBuildFile; fileRef = 84EA13D62B7976870075561E /* HealthQuestionModel.swift */; };
		84EC9DB92B79676300B839DA /* CustomButton.swift in Sources */ = {isa = PBXBuildFile; fileRef = 84EC9DB82B79676300B839DA /* CustomButton.swift */; };
		84EC9DBB2B7967D300B839DA /* BorderedButton.swift in Sources */ = {isa = PBXBuildFile; fileRef = 84EC9DBA2B7967D300B839DA /* BorderedButton.swift */; };
		84ED672F2B63D97E001D600A /* HomePage.swift in Sources */ = {isa = PBXBuildFile; fileRef = 84ED672E2B63D97E001D600A /* HomePage.swift */; };
		84ED67342B640244001D600A /* Localizable.xcstrings in Resources */ = {isa = PBXBuildFile; fileRef = 84ED67332B640244001D600A /* Localizable.xcstrings */; };
		84ED67362B640828001D600A /* ListTile.swift in Sources */ = {isa = PBXBuildFile; fileRef = 84ED67352B640828001D600A /* ListTile.swift */; };
		84ED673A2B640D44001D600A /* Avatar.swift in Sources */ = {isa = PBXBuildFile; fileRef = 84ED67392B640D44001D600A /* Avatar.swift */; };
		84ED673D2B642446001D600A /* InsuranceAdvantagesColumn.swift in Sources */ = {isa = PBXBuildFile; fileRef = 84ED673C2B642446001D600A /* InsuranceAdvantagesColumn.swift */; };
		84ED673F2B64332A001D600A /* HospitalCashLogo.swift in Sources */ = {isa = PBXBuildFile; fileRef = 84ED673E2B64332A001D600A /* HospitalCashLogo.swift */; };
		84ED67412B6434D6001D600A /* ProductDescriptionText.swift in Sources */ = {isa = PBXBuildFile; fileRef = 84ED67402B6434D6001D600A /* ProductDescriptionText.swift */; };
		84ED67432B6435DF001D600A /* ProminentButton.swift in Sources */ = {isa = PBXBuildFile; fileRef = 84ED67422B6435DF001D600A /* ProminentButton.swift */; };
		84ED67452B644092001D600A /* BottomBar.swift in Sources */ = {isa = PBXBuildFile; fileRef = 84ED67442B644092001D600A /* BottomBar.swift */; };
		84ED67472B6443D4001D600A /* CustomDivider.swift in Sources */ = {isa = PBXBuildFile; fileRef = 84ED67462B6443D4001D600A /* CustomDivider.swift */; };
		84ED67492B64488F001D600A /* ProductDescriptionGroup.swift in Sources */ = {isa = PBXBuildFile; fileRef = 84ED67482B64488F001D600A /* ProductDescriptionGroup.swift */; };
		84ED674F2B645961001D600A /* BMIPage.swift in Sources */ = {isa = PBXBuildFile; fileRef = 84ED674E2B645961001D600A /* BMIPage.swift */; };
		84ED67512B652DB0001D600A /* HealthQuestionPage.swift in Sources */ = {isa = PBXBuildFile; fileRef = 84ED67502B652DB0001D600A /* HealthQuestionPage.swift */; };
		84ED67532B652F68001D600A /* UnderwritingSheet.swift in Sources */ = {isa = PBXBuildFile; fileRef = 84ED67522B652F68001D600A /* UnderwritingSheet.swift */; };
		84ED67552B65351F001D600A /* NavigationDestinationButton.swift in Sources */ = {isa = PBXBuildFile; fileRef = 84ED67542B65351F001D600A /* NavigationDestinationButton.swift */; };
		84ED67572B653840001D600A /* ButtonLabel.swift in Sources */ = {isa = PBXBuildFile; fileRef = 84ED67562B653840001D600A /* ButtonLabel.swift */; };
		84ED675A2B654B59001D600A /* CloseButton.swift in Sources */ = {isa = PBXBuildFile; fileRef = 84ED67592B654B59001D600A /* CloseButton.swift */; };
		84ED675D2B65DE26001D600A /* NumberField.swift in Sources */ = {isa = PBXBuildFile; fileRef = 84ED675C2B65DE26001D600A /* NumberField.swift */; };
		84ED675F2B666E9B001D600A /* OutputFloatingPointField.swift in Sources */ = {isa = PBXBuildFile; fileRef = 84ED675E2B666E9B001D600A /* OutputFloatingPointField.swift */; };
		84ED67632B668540001D600A /* InfoBox.swift in Sources */ = {isa = PBXBuildFile; fileRef = 84ED67622B668540001D600A /* InfoBox.swift */; };
		84ED67652B668A50001D600A /* InfoToggle.swift in Sources */ = {isa = PBXBuildFile; fileRef = 84ED67642B668A50001D600A /* InfoToggle.swift */; };
		84ED67672B66976F001D600A /* PremiumCalculationPage.swift in Sources */ = {isa = PBXBuildFile; fileRef = 84ED67662B66976F001D600A /* PremiumCalculationPage.swift */; };
		84ED67702B66B96D001D600A /* HealthQuestionEntity.swift in Sources */ = {isa = PBXBuildFile; fileRef = 84ED676F2B66B96D001D600A /* HealthQuestionEntity.swift */; };
		84ED67722B69B258001D600A /* PremiumDetailPage.swift in Sources */ = {isa = PBXBuildFile; fileRef = 84ED67712B69B258001D600A /* PremiumDetailPage.swift */; };
		84ED67742B69B3D7001D600A /* SheetPageLayout.swift in Sources */ = {isa = PBXBuildFile; fileRef = 84ED67732B69B3D7001D600A /* SheetPageLayout.swift */; };
		84ED677F2B69C2BE001D600A /* CalculateBMI.swift in Sources */ = {isa = PBXBuildFile; fileRef = 84ED677E2B69C2BE001D600A /* CalculateBMI.swift */; };
		84ED67822B69C7D3001D600A /* Factory in Frameworks */ = {isa = PBXBuildFile; productRef = 84ED67812B69C7D3001D600A /* Factory */; };
		84ED67842B69C8B0001D600A /* UnderwritingContainer.swift in Sources */ = {isa = PBXBuildFile; fileRef = 84ED67832B69C8B0001D600A /* UnderwritingContainer.swift */; };
		84ED67862B69D102001D600A /* CheckHealthQuestionValidity.swift in Sources */ = {isa = PBXBuildFile; fileRef = 84ED67852B69D102001D600A /* CheckHealthQuestionValidity.swift */; };
		84F8EAC82B80FB6000D0A414 /* UnderwriteContract.swift in Sources */ = {isa = PBXBuildFile; fileRef = 84F8EAC72B80FB6000D0A414 /* UnderwriteContract.swift */; };
		84F8EACA2B80FC3E00D0A414 /* BodyMeasureEntity.swift in Sources */ = {isa = PBXBuildFile; fileRef = 84F8EAC92B80FC3E00D0A414 /* BodyMeasureEntity.swift */; };
		84F8EACC2B810DF300D0A414 /* InsuranceContractEntity.swift in Sources */ = {isa = PBXBuildFile; fileRef = 84F8EACB2B810DF300D0A414 /* InsuranceContractEntity.swift */; };
		84F8EACE2B81109400D0A414 /* ContractApplicationEntity.swift in Sources */ = {isa = PBXBuildFile; fileRef = 84F8EACD2B81109400D0A414 /* ContractApplicationEntity.swift */; };
/* End PBXBuildFile section */

/* Begin PBXFileReference section */
		840C6DBD2B84C5EB0052E6AA /* CopyButton.swift */ = {isa = PBXFileReference; lastKnownFileType = sourcecode.swift; path = CopyButton.swift; sourceTree = "<group>"; };
		840C6DC02B84CDC90052E6AA /* OutputDateRangeField.swift */ = {isa = PBXFileReference; lastKnownFileType = sourcecode.swift; path = OutputDateRangeField.swift; sourceTree = "<group>"; };
		840C6DC22B84E6710052E6AA /* ContractDetailGroup.swift */ = {isa = PBXFileReference; lastKnownFileType = sourcecode.swift; path = ContractDetailGroup.swift; sourceTree = "<group>"; };
		840C6DC42B856A200052E6AA /* TransactionStateEntity.swift */ = {isa = PBXFileReference; lastKnownFileType = sourcecode.swift; path = TransactionStateEntity.swift; sourceTree = "<group>"; };
		840C6DC62B856D770052E6AA /* NewContractEventModel.swift */ = {isa = PBXFileReference; lastKnownFileType = sourcecode.swift; path = NewContractEventModel.swift; sourceTree = "<group>"; };
		840C6DC82B8570850052E6AA /* ConnectWallet.swift */ = {isa = PBXFileReference; lastKnownFileType = sourcecode.swift; path = ConnectWallet.swift; sourceTree = "<group>"; };
		840C6DCA2B85734A0052E6AA /* EthereumTransactionReceiptStatusModel.swift */ = {isa = PBXFileReference; lastKnownFileType = sourcecode.swift; path = EthereumTransactionReceiptStatusModel.swift; sourceTree = "<group>"; };
		840C6DCC2B8575AD0052E6AA /* GetValidContractRequestModel.swift */ = {isa = PBXFileReference; lastKnownFileType = sourcecode.swift; path = GetValidContractRequestModel.swift; sourceTree = "<group>"; };
		840C6DCE2B8575CD0052E6AA /* GetValidContractResponseModel.swift */ = {isa = PBXFileReference; lastKnownFileType = sourcecode.swift; path = GetValidContractResponseModel.swift; sourceTree = "<group>"; };
		840C6DD02B8579D70052E6AA /* GetValidContract.swift */ = {isa = PBXFileReference; lastKnownFileType = sourcecode.swift; path = GetValidContract.swift; sourceTree = "<group>"; };
		840C6DD22B857AC70052E6AA /* GetTransactionState.swift */ = {isa = PBXFileReference; lastKnownFileType = sourcecode.swift; path = GetTransactionState.swift; sourceTree = "<group>"; };
		840C6DD42B85811C0052E6AA /* NewContractEventEntity.swift */ = {isa = PBXFileReference; lastKnownFileType = sourcecode.swift; path = NewContractEventEntity.swift; sourceTree = "<group>"; };
		841A96552B7E689600BDA450 /* PayWithWalletPage.swift */ = {isa = PBXFileReference; lastKnownFileType = sourcecode.swift; path = PayWithWalletPage.swift; sourceTree = "<group>"; };
		841A96572B7E68AB00BDA450 /* MetaMaskButton.swift */ = {isa = PBXFileReference; lastKnownFileType = sourcecode.swift; path = MetaMaskButton.swift; sourceTree = "<group>"; };
		843969692B86D4D900FA3E00 /* WalletRepositoryImpl.swift */ = {isa = PBXFileReference; lastKnownFileType = sourcecode.swift; path = WalletRepositoryImpl.swift; sourceTree = "<group>"; };
		8439696B2B86DBF600FA3E00 /* UnderwritingVM.swift */ = {isa = PBXFileReference; lastKnownFileType = sourcecode.swift; path = UnderwritingVM.swift; sourceTree = "<group>"; };
		8439696D2B86DD9000FA3E00 /* IsWalletConnected.swift */ = {isa = PBXFileReference; lastKnownFileType = sourcecode.swift; path = IsWalletConnected.swift; sourceTree = "<group>"; };
		8439696F2B86E54200FA3E00 /* GetContractRequestModel.swift */ = {isa = PBXFileReference; lastKnownFileType = sourcecode.swift; path = GetContractRequestModel.swift; sourceTree = "<group>"; };
		843969712B86E55500FA3E00 /* GetContractResponseModel.swift */ = {isa = PBXFileReference; lastKnownFileType = sourcecode.swift; path = GetContractResponseModel.swift; sourceTree = "<group>"; };
		843969732B86E74600FA3E00 /* HasContractRequestModel.swift */ = {isa = PBXFileReference; lastKnownFileType = sourcecode.swift; path = HasContractRequestModel.swift; sourceTree = "<group>"; };
		843969752B86E77E00FA3E00 /* HasValidContractRequestModel.swift */ = {isa = PBXFileReference; lastKnownFileType = sourcecode.swift; path = HasValidContractRequestModel.swift; sourceTree = "<group>"; };
		843969772B86E79900FA3E00 /* HasContractResponseModel.swift */ = {isa = PBXFileReference; lastKnownFileType = sourcecode.swift; path = HasContractResponseModel.swift; sourceTree = "<group>"; };
		843969792B86E7AE00FA3E00 /* HasValidContractResponseModel.swift */ = {isa = PBXFileReference; lastKnownFileType = sourcecode.swift; path = HasValidContractResponseModel.swift; sourceTree = "<group>"; };
		8439697B2B86EAD400FA3E00 /* GetAppState.swift */ = {isa = PBXFileReference; lastKnownFileType = sourcecode.swift; path = GetAppState.swift; sourceTree = "<group>"; };
		8439697D2B86EFA000FA3E00 /* WelcomePage.swift */ = {isa = PBXFileReference; lastKnownFileType = sourcecode.swift; path = WelcomePage.swift; sourceTree = "<group>"; };
		8439697F2B86F3C400FA3E00 /* ConnectWithWalletPage.swift */ = {isa = PBXFileReference; lastKnownFileType = sourcecode.swift; path = ConnectWithWalletPage.swift; sourceTree = "<group>"; };
		843969812B876BD500FA3E00 /* LoadingPage.swift */ = {isa = PBXFileReference; lastKnownFileType = sourcecode.swift; path = LoadingPage.swift; sourceTree = "<group>"; };
		843969832B87709300FA3E00 /* AppState.swift */ = {isa = PBXFileReference; lastKnownFileType = sourcecode.swift; path = AppState.swift; sourceTree = "<group>"; };
		8439698F2B87768E00FA3E00 /* LoginButton.swift */ = {isa = PBXFileReference; lastKnownFileType = sourcecode.swift; path = LoginButton.swift; sourceTree = "<group>"; };
		843969912B8794E100FA3E00 /* ErrorViewBuilder.swift */ = {isa = PBXFileReference; lastKnownFileType = sourcecode.swift; path = ErrorViewBuilder.swift; sourceTree = "<group>"; };
		843969932B87AA6900FA3E00 /* WalletErrorViewBuilder.swift */ = {isa = PBXFileReference; lastKnownFileType = sourcecode.swift; path = WalletErrorViewBuilder.swift; sourceTree = "<group>"; };
		843969952B87C90700FA3E00 /* WalletSheetViewBuilder.swift */ = {isa = PBXFileReference; lastKnownFileType = sourcecode.swift; path = WalletSheetViewBuilder.swift; sourceTree = "<group>"; };
		843969972B87F70100FA3E00 /* AlreadyInsured.swift */ = {isa = PBXFileReference; lastKnownFileType = sourcecode.swift; path = AlreadyInsured.swift; sourceTree = "<group>"; };
		8454E8862B6C9790007A3887 /* GetMonthlyPremiumRequestModel.swift */ = {isa = PBXFileReference; lastKnownFileType = sourcecode.swift; path = GetMonthlyPremiumRequestModel.swift; sourceTree = "<group>"; };
		8454E88E2B6E79B7007A3887 /* ContractRemoteDatasource.swift */ = {isa = PBXFileReference; lastKnownFileType = sourcecode.swift; path = ContractRemoteDatasource.swift; sourceTree = "<group>"; };
		8454E8A52B75B96A007A3887 /* Development.xcconfig */ = {isa = PBXFileReference; lastKnownFileType = text.xcconfig; path = Development.xcconfig; sourceTree = "<group>"; };
		8454E8A62B75B97A007A3887 /* Release.xcconfig */ = {isa = PBXFileReference; lastKnownFileType = text.xcconfig; path = Release.xcconfig; sourceTree = "<group>"; };
		8454E8A72B763D5B007A3887 /* Configuration.swift */ = {isa = PBXFileReference; lastKnownFileType = sourcecode.swift; path = Configuration.swift; sourceTree = "<group>"; };
		8454E8A92B765995007A3887 /* ContractRepository.swift */ = {isa = PBXFileReference; lastKnownFileType = sourcecode.swift; path = ContractRepository.swift; sourceTree = "<group>"; };
		8454E8AB2B765A10007A3887 /* CalculateYearlyPremium.swift */ = {isa = PBXFileReference; lastKnownFileType = sourcecode.swift; path = CalculateYearlyPremium.swift; sourceTree = "<group>"; };
		8454E8AD2B765EF0007A3887 /* ContractRepositoryImpl.swift */ = {isa = PBXFileReference; lastKnownFileType = sourcecode.swift; path = ContractRepositoryImpl.swift; sourceTree = "<group>"; };
		8454E8AF2B76750B007A3887 /* GetMonthlyPremiumResponseModel.swift */ = {isa = PBXFileReference; lastKnownFileType = sourcecode.swift; path = GetMonthlyPremiumResponseModel.swift; sourceTree = "<group>"; };
		8454E8B22B7683A3007A3887 /* PremiumCalculationEntity.swift */ = {isa = PBXFileReference; lastKnownFileType = sourcecode.swift; path = PremiumCalculationEntity.swift; sourceTree = "<group>"; };
		8454E8B52B768FC1007A3887 /* EthUnits.swift */ = {isa = PBXFileReference; lastKnownFileType = sourcecode.swift; path = EthUnits.swift; sourceTree = "<group>"; };
		8454E8B82B77AA1E007A3887 /* Info.plist */ = {isa = PBXFileReference; lastKnownFileType = text.plist; path = Info.plist; sourceTree = "<group>"; };
		8454E8B92B77D6C1007A3887 /* PremiumEntity.swift */ = {isa = PBXFileReference; lastKnownFileType = sourcecode.swift; path = PremiumEntity.swift; sourceTree = "<group>"; };
		8454E8BD2B77DC8F007A3887 /* PremiumDetailGroup.swift */ = {isa = PBXFileReference; lastKnownFileType = sourcecode.swift; path = PremiumDetailGroup.swift; sourceTree = "<group>"; };
		8454E8C32B783F54007A3887 /* NavigationLinkButton.swift */ = {isa = PBXFileReference; lastKnownFileType = sourcecode.swift; path = NavigationLinkButton.swift; sourceTree = "<group>"; };
		8454E8C52B7867F7007A3887 /* JSONRPCErrorDetailModel.swift */ = {isa = PBXFileReference; lastKnownFileType = sourcecode.swift; path = JSONRPCErrorDetailModel.swift; sourceTree = "<group>"; };
		8454E8C72B79199C007A3887 /* CheckBMI.swift */ = {isa = PBXFileReference; lastKnownFileType = sourcecode.swift; path = CheckBMI.swift; sourceTree = "<group>"; };
		8454E8C92B791C4B007A3887 /* CheckBMIRequestModel.swift */ = {isa = PBXFileReference; lastKnownFileType = sourcecode.swift; path = CheckBMIRequestModel.swift; sourceTree = "<group>"; };
		8454E8CB2B791C71007A3887 /* CheckBMIResponseModel.swift */ = {isa = PBXFileReference; lastKnownFileType = sourcecode.swift; path = CheckBMIResponseModel.swift; sourceTree = "<group>"; };
		8454E8CD2B791C89007A3887 /* CheckHealthQuestionsRequestModel.swift */ = {isa = PBXFileReference; lastKnownFileType = sourcecode.swift; path = CheckHealthQuestionsRequestModel.swift; sourceTree = "<group>"; };
		8454E8CF2B791CA1007A3887 /* CheckHealthQuestionsResponseModel.swift */ = {isa = PBXFileReference; lastKnownFileType = sourcecode.swift; path = CheckHealthQuestionsResponseModel.swift; sourceTree = "<group>"; };
		846D6EFF2B6AEAD80074F2F3 /* RESTClientError.swift */ = {isa = PBXFileReference; fileEncoding = 4; lastKnownFileType = sourcecode.swift; path = RESTClientError.swift; sourceTree = "<group>"; };
		846D6F012B6AEAE00074F2F3 /* RESTClient.swift */ = {isa = PBXFileReference; fileEncoding = 4; lastKnownFileType = sourcecode.swift; path = RESTClient.swift; sourceTree = "<group>"; };
		846D6F032B6AEAE80074F2F3 /* HTTPMethod.swift */ = {isa = PBXFileReference; fileEncoding = 4; lastKnownFileType = sourcecode.swift; path = HTTPMethod.swift; sourceTree = "<group>"; };
		846D6F072B6AEC420074F2F3 /* CoreContainer.swift */ = {isa = PBXFileReference; lastKnownFileType = sourcecode.swift; path = CoreContainer.swift; sourceTree = "<group>"; };
		846D6F092B6AED130074F2F3 /* ExchangeRateRemoteDatasource.swift */ = {isa = PBXFileReference; lastKnownFileType = sourcecode.swift; path = ExchangeRateRemoteDatasource.swift; sourceTree = "<group>"; };
		846D6F0B2B6AF0D70074F2F3 /* ExchangeRateDataModel.swift */ = {isa = PBXFileReference; lastKnownFileType = sourcecode.swift; path = ExchangeRateDataModel.swift; sourceTree = "<group>"; };
		846D6F0D2B6AFAB10074F2F3 /* ExchangeRateRepository.swift */ = {isa = PBXFileReference; lastKnownFileType = sourcecode.swift; path = ExchangeRateRepository.swift; sourceTree = "<group>"; };
		846D6F0F2B6AFB660074F2F3 /* ExchangeRateRepositoryImpl.swift */ = {isa = PBXFileReference; lastKnownFileType = sourcecode.swift; path = ExchangeRateRepositoryImpl.swift; sourceTree = "<group>"; };
		846D6F112B6B01A60074F2F3 /* CommonError.swift */ = {isa = PBXFileReference; lastKnownFileType = sourcecode.swift; path = CommonError.swift; sourceTree = "<group>"; };
		846D6F142B6B08020074F2F3 /* CalculateEurInEth.swift */ = {isa = PBXFileReference; lastKnownFileType = sourcecode.swift; path = CalculateEurInEth.swift; sourceTree = "<group>"; };
		846D6F162B6B08250074F2F3 /* CalculateEthInEur.swift */ = {isa = PBXFileReference; lastKnownFileType = sourcecode.swift; path = CalculateEthInEur.swift; sourceTree = "<group>"; };
		846D6F1D2B6C38D90074F2F3 /* WalletLocalDataSource.swift */ = {isa = PBXFileReference; lastKnownFileType = sourcecode.swift; path = WalletLocalDataSource.swift; sourceTree = "<group>"; };
		849471C52B863CA9000EC4D3 /* DateUtils.swift */ = {isa = PBXFileReference; lastKnownFileType = sourcecode.swift; path = DateUtils.swift; sourceTree = "<group>"; };
		849471C72B865F0B000EC4D3 /* GetContractByTransaction.swift */ = {isa = PBXFileReference; lastKnownFileType = sourcecode.swift; path = GetContractByTransaction.swift; sourceTree = "<group>"; };
		849471CC2B869348000EC4D3 /* WalletVM.swift */ = {isa = PBXFileReference; lastKnownFileType = sourcecode.swift; path = WalletVM.swift; sourceTree = "<group>"; };
		849471CF2B8694E4000EC4D3 /* OnboardingContainer.swift */ = {isa = PBXFileReference; lastKnownFileType = sourcecode.swift; path = OnboardingContainer.swift; sourceTree = "<group>"; };
		849471DC2B86A0B1000EC4D3 /* WalletRepository.swift */ = {isa = PBXFileReference; lastKnownFileType = sourcecode.swift; name = WalletRepository.swift; path = ../../Data/Repositories/WalletRepository.swift; sourceTree = "<group>"; };
		849471E42B86AEC4000EC4D3 /* EthereumRemoteDatasource.swift */ = {isa = PBXFileReference; lastKnownFileType = sourcecode.swift; path = EthereumRemoteDatasource.swift; sourceTree = "<group>"; };
		849471E72B86B0BB000EC4D3 /* EthereumRepositoryImpl.swift */ = {isa = PBXFileReference; lastKnownFileType = sourcecode.swift; path = EthereumRepositoryImpl.swift; sourceTree = "<group>"; };
		849471E92B86B25A000EC4D3 /* EthereumRepository.swift */ = {isa = PBXFileReference; lastKnownFileType = sourcecode.swift; path = EthereumRepository.swift; sourceTree = "<group>"; };
		84A4F8772B6368F30018AA37 /* HospitalCash.app */ = {isa = PBXFileReference; explicitFileType = wrapper.application; includeInIndex = 0; path = HospitalCash.app; sourceTree = BUILT_PRODUCTS_DIR; };
		84A4F87A2B6368F30018AA37 /* HospitalCashApp.swift */ = {isa = PBXFileReference; lastKnownFileType = sourcecode.swift; path = HospitalCashApp.swift; sourceTree = "<group>"; };
		84A4F87C2B6368F30018AA37 /* ContentView.swift */ = {isa = PBXFileReference; lastKnownFileType = sourcecode.swift; path = ContentView.swift; sourceTree = "<group>"; };
		84A4F87E2B6368F40018AA37 /* Assets.xcassets */ = {isa = PBXFileReference; lastKnownFileType = folder.assetcatalog; path = Assets.xcassets; sourceTree = "<group>"; };
		84A4F8812B6368F40018AA37 /* Preview Assets.xcassets */ = {isa = PBXFileReference; lastKnownFileType = folder.assetcatalog; path = "Preview Assets.xcassets"; sourceTree = "<group>"; };
		84C4265B2B8232F4002AC308 /* UnderwriteContractRequestModel.swift */ = {isa = PBXFileReference; lastKnownFileType = sourcecode.swift; path = UnderwriteContractRequestModel.swift; sourceTree = "<group>"; };
		84C4265F2B823355002AC308 /* PremiumCalculationModel.swift */ = {isa = PBXFileReference; lastKnownFileType = sourcecode.swift; path = PremiumCalculationModel.swift; sourceTree = "<group>"; };
		84C426612B823364002AC308 /* BodyMeasureModel.swift */ = {isa = PBXFileReference; lastKnownFileType = sourcecode.swift; path = BodyMeasureModel.swift; sourceTree = "<group>"; };
		84C426632B823392002AC308 /* InsuranceContractModel.swift */ = {isa = PBXFileReference; lastKnownFileType = sourcecode.swift; path = InsuranceContractModel.swift; sourceTree = "<group>"; };
		84C426652B8235F1002AC308 /* ContractApplicationModel.swift */ = {isa = PBXFileReference; lastKnownFileType = sourcecode.swift; path = ContractApplicationModel.swift; sourceTree = "<group>"; };
		84C426672B82E403002AC308 /* ContractDetailPage.swift */ = {isa = PBXFileReference; lastKnownFileType = sourcecode.swift; path = ContractDetailPage.swift; sourceTree = "<group>"; };
		84EA13D62B7976870075561E /* HealthQuestionModel.swift */ = {isa = PBXFileReference; lastKnownFileType = sourcecode.swift; path = HealthQuestionModel.swift; sourceTree = "<group>"; };
		84EC9DB82B79676300B839DA /* CustomButton.swift */ = {isa = PBXFileReference; lastKnownFileType = sourcecode.swift; path = CustomButton.swift; sourceTree = "<group>"; };
		84EC9DBA2B7967D300B839DA /* BorderedButton.swift */ = {isa = PBXFileReference; lastKnownFileType = sourcecode.swift; path = BorderedButton.swift; sourceTree = "<group>"; };
		84ED672E2B63D97E001D600A /* HomePage.swift */ = {isa = PBXFileReference; lastKnownFileType = sourcecode.swift; path = HomePage.swift; sourceTree = "<group>"; };
		84ED67332B640244001D600A /* Localizable.xcstrings */ = {isa = PBXFileReference; lastKnownFileType = text.json.xcstrings; path = Localizable.xcstrings; sourceTree = "<group>"; };
		84ED67352B640828001D600A /* ListTile.swift */ = {isa = PBXFileReference; lastKnownFileType = sourcecode.swift; path = ListTile.swift; sourceTree = "<group>"; };
		84ED67392B640D44001D600A /* Avatar.swift */ = {isa = PBXFileReference; lastKnownFileType = sourcecode.swift; path = Avatar.swift; sourceTree = "<group>"; };
		84ED673C2B642446001D600A /* InsuranceAdvantagesColumn.swift */ = {isa = PBXFileReference; lastKnownFileType = sourcecode.swift; path = InsuranceAdvantagesColumn.swift; sourceTree = "<group>"; };
		84ED673E2B64332A001D600A /* HospitalCashLogo.swift */ = {isa = PBXFileReference; lastKnownFileType = sourcecode.swift; path = HospitalCashLogo.swift; sourceTree = "<group>"; };
		84ED67402B6434D6001D600A /* ProductDescriptionText.swift */ = {isa = PBXFileReference; lastKnownFileType = sourcecode.swift; path = ProductDescriptionText.swift; sourceTree = "<group>"; };
		84ED67422B6435DF001D600A /* ProminentButton.swift */ = {isa = PBXFileReference; lastKnownFileType = sourcecode.swift; path = ProminentButton.swift; sourceTree = "<group>"; };
		84ED67442B644092001D600A /* BottomBar.swift */ = {isa = PBXFileReference; lastKnownFileType = sourcecode.swift; path = BottomBar.swift; sourceTree = "<group>"; };
		84ED67462B6443D4001D600A /* CustomDivider.swift */ = {isa = PBXFileReference; lastKnownFileType = sourcecode.swift; path = CustomDivider.swift; sourceTree = "<group>"; };
		84ED67482B64488F001D600A /* ProductDescriptionGroup.swift */ = {isa = PBXFileReference; lastKnownFileType = sourcecode.swift; path = ProductDescriptionGroup.swift; sourceTree = "<group>"; };
		84ED674E2B645961001D600A /* BMIPage.swift */ = {isa = PBXFileReference; lastKnownFileType = sourcecode.swift; path = BMIPage.swift; sourceTree = "<group>"; };
		84ED67502B652DB0001D600A /* HealthQuestionPage.swift */ = {isa = PBXFileReference; lastKnownFileType = sourcecode.swift; path = HealthQuestionPage.swift; sourceTree = "<group>"; };
		84ED67522B652F68001D600A /* UnderwritingSheet.swift */ = {isa = PBXFileReference; lastKnownFileType = sourcecode.swift; path = UnderwritingSheet.swift; sourceTree = "<group>"; };
		84ED67542B65351F001D600A /* NavigationDestinationButton.swift */ = {isa = PBXFileReference; lastKnownFileType = sourcecode.swift; path = NavigationDestinationButton.swift; sourceTree = "<group>"; };
		84ED67562B653840001D600A /* ButtonLabel.swift */ = {isa = PBXFileReference; lastKnownFileType = sourcecode.swift; path = ButtonLabel.swift; sourceTree = "<group>"; };
		84ED67592B654B59001D600A /* CloseButton.swift */ = {isa = PBXFileReference; lastKnownFileType = sourcecode.swift; path = CloseButton.swift; sourceTree = "<group>"; };
		84ED675C2B65DE26001D600A /* NumberField.swift */ = {isa = PBXFileReference; lastKnownFileType = sourcecode.swift; path = NumberField.swift; sourceTree = "<group>"; };
		84ED675E2B666E9B001D600A /* OutputFloatingPointField.swift */ = {isa = PBXFileReference; lastKnownFileType = sourcecode.swift; path = OutputFloatingPointField.swift; sourceTree = "<group>"; };
		84ED67622B668540001D600A /* InfoBox.swift */ = {isa = PBXFileReference; lastKnownFileType = sourcecode.swift; path = InfoBox.swift; sourceTree = "<group>"; };
		84ED67642B668A50001D600A /* InfoToggle.swift */ = {isa = PBXFileReference; lastKnownFileType = sourcecode.swift; path = InfoToggle.swift; sourceTree = "<group>"; };
		84ED67662B66976F001D600A /* PremiumCalculationPage.swift */ = {isa = PBXFileReference; lastKnownFileType = sourcecode.swift; path = PremiumCalculationPage.swift; sourceTree = "<group>"; };
		84ED676F2B66B96D001D600A /* HealthQuestionEntity.swift */ = {isa = PBXFileReference; lastKnownFileType = sourcecode.swift; path = HealthQuestionEntity.swift; sourceTree = "<group>"; };
		84ED67712B69B258001D600A /* PremiumDetailPage.swift */ = {isa = PBXFileReference; lastKnownFileType = sourcecode.swift; path = PremiumDetailPage.swift; sourceTree = "<group>"; };
		84ED67732B69B3D7001D600A /* SheetPageLayout.swift */ = {isa = PBXFileReference; lastKnownFileType = sourcecode.swift; path = SheetPageLayout.swift; sourceTree = "<group>"; };
		84ED677E2B69C2BE001D600A /* CalculateBMI.swift */ = {isa = PBXFileReference; lastKnownFileType = sourcecode.swift; path = CalculateBMI.swift; sourceTree = "<group>"; };
		84ED67832B69C8B0001D600A /* UnderwritingContainer.swift */ = {isa = PBXFileReference; lastKnownFileType = sourcecode.swift; path = UnderwritingContainer.swift; sourceTree = "<group>"; };
		84ED67852B69D102001D600A /* CheckHealthQuestionValidity.swift */ = {isa = PBXFileReference; lastKnownFileType = sourcecode.swift; path = CheckHealthQuestionValidity.swift; sourceTree = "<group>"; };
		84F8EAC72B80FB6000D0A414 /* UnderwriteContract.swift */ = {isa = PBXFileReference; lastKnownFileType = sourcecode.swift; path = UnderwriteContract.swift; sourceTree = "<group>"; };
		84F8EAC92B80FC3E00D0A414 /* BodyMeasureEntity.swift */ = {isa = PBXFileReference; lastKnownFileType = sourcecode.swift; path = BodyMeasureEntity.swift; sourceTree = "<group>"; };
		84F8EACB2B810DF300D0A414 /* InsuranceContractEntity.swift */ = {isa = PBXFileReference; lastKnownFileType = sourcecode.swift; path = InsuranceContractEntity.swift; sourceTree = "<group>"; };
		84F8EACD2B81109400D0A414 /* ContractApplicationEntity.swift */ = {isa = PBXFileReference; lastKnownFileType = sourcecode.swift; path = ContractApplicationEntity.swift; sourceTree = "<group>"; };
/* End PBXFileReference section */

/* Begin PBXFrameworksBuildPhase section */
		84A4F8742B6368F30018AA37 /* Frameworks */ = {
			isa = PBXFrameworksBuildPhase;
			buildActionMask = 2147483647;
			files = (
				846D6F1B2B6C372D0074F2F3 /* metamask-ios-sdk in Frameworks */,
				8454E8A12B6FC1E4007A3887 /* web3-zksync.swift in Frameworks */,
				8454E8A32B6FC1E4007A3887 /* web3.swift in Frameworks */,
				84ED67822B69C7D3001D600A /* Factory in Frameworks */,
			);
			runOnlyForDeploymentPostprocessing = 0;
		};
/* End PBXFrameworksBuildPhase section */

/* Begin PBXGroup section */
		840C6DBF2B84C6880052E6AA /* Toggles */ = {
			isa = PBXGroup;
			children = (
				84ED67642B668A50001D600A /* InfoToggle.swift */,
			);
			path = Toggles;
			sourceTree = "<group>";
		};
		841A964D2B7E67A400BDA450 /* Contract */ = {
			isa = PBXGroup;
			children = (
				841A964E2B7E67B400BDA450 /* DI */,
				841A964F2B7E67BF00BDA450 /* Data */,
				841A96512B7E67D600BDA450 /* Domain */,
				841A96502B7E67C700BDA450 /* Presentation */,
			);
			path = Contract;
			sourceTree = "<group>";
		};
		841A964E2B7E67B400BDA450 /* DI */ = {
			isa = PBXGroup;
			children = (
			);
			path = DI;
			sourceTree = "<group>";
		};
		841A964F2B7E67BF00BDA450 /* Data */ = {
			isa = PBXGroup;
			children = (
			);
			path = Data;
			sourceTree = "<group>";
		};
		841A96502B7E67C700BDA450 /* Presentation */ = {
			isa = PBXGroup;
			children = (
				841A96542B7E680900BDA450 /* Pages */,
				841A96532B7E67FE00BDA450 /* Views */,
				841A96522B7E67F700BDA450 /* ViewModel */,
			);
			path = Presentation;
			sourceTree = "<group>";
		};
		841A96512B7E67D600BDA450 /* Domain */ = {
			isa = PBXGroup;
			children = (
			);
			path = Domain;
			sourceTree = "<group>";
		};
		841A96522B7E67F700BDA450 /* ViewModel */ = {
			isa = PBXGroup;
			children = (
			);
			path = ViewModel;
			sourceTree = "<group>";
		};
		841A96532B7E67FE00BDA450 /* Views */ = {
			isa = PBXGroup;
			children = (
			);
			path = Views;
			sourceTree = "<group>";
		};
		841A96542B7E680900BDA450 /* Pages */ = {
			isa = PBXGroup;
			children = (
			);
			path = Pages;
			sourceTree = "<group>";
		};
		843969852B8775A100FA3E00 /* Health */ = {
			isa = PBXGroup;
			children = (
				843969882B87760100FA3E00 /* Data */,
				843969862B87760100FA3E00 /* DI */,
				843969872B87760100FA3E00 /* Domain */,
				843969892B87760100FA3E00 /* Presentation */,
			);
			path = Health;
			sourceTree = "<group>";
		};
		843969862B87760100FA3E00 /* DI */ = {
			isa = PBXGroup;
			children = (
			);
			path = DI;
			sourceTree = "<group>";
		};
		843969872B87760100FA3E00 /* Domain */ = {
			isa = PBXGroup;
			children = (
			);
			path = Domain;
			sourceTree = "<group>";
		};
		843969882B87760100FA3E00 /* Data */ = {
			isa = PBXGroup;
			children = (
			);
			path = Data;
			sourceTree = "<group>";
		};
		843969892B87760100FA3E00 /* Presentation */ = {
			isa = PBXGroup;
			children = (
				8439698A2B87760100FA3E00 /* ViewModel */,
				8439698B2B87760100FA3E00 /* Views */,
				8439698C2B87760100FA3E00 /* Pages */,
			);
			path = Presentation;
			sourceTree = "<group>";
		};
		8439698A2B87760100FA3E00 /* ViewModel */ = {
			isa = PBXGroup;
			children = (
			);
			path = ViewModel;
			sourceTree = "<group>";
		};
		8439698B2B87760100FA3E00 /* Views */ = {
			isa = PBXGroup;
			children = (
			);
			path = Views;
			sourceTree = "<group>";
		};
		8439698C2B87760100FA3E00 /* Pages */ = {
			isa = PBXGroup;
			children = (
			);
			path = Pages;
			sourceTree = "<group>";
		};
		8454E8A42B75B8E3007A3887 /* Config */ = {
			isa = PBXGroup;
			children = (
				8454E8A52B75B96A007A3887 /* Development.xcconfig */,
				8454E8A62B75B97A007A3887 /* Release.xcconfig */,
				8454E8A72B763D5B007A3887 /* Configuration.swift */,
			);
			path = Config;
			sourceTree = "<group>";
		};
		8454E8B42B768FA3007A3887 /* Utils */ = {
			isa = PBXGroup;
			children = (
				8454E8B52B768FC1007A3887 /* EthUnits.swift */,
				849471C52B863CA9000EC4D3 /* DateUtils.swift */,
			);
			path = Utils;
			sourceTree = "<group>";
		};
		846D6EFD2B6AEA980074F2F3 /* Helper */ = {
			isa = PBXGroup;
			children = (
				8454E8B42B768FA3007A3887 /* Utils */,
				846D6EFE2B6AEAA20074F2F3 /* Network */,
			);
			path = Helper;
			sourceTree = "<group>";
		};
		846D6EFE2B6AEAA20074F2F3 /* Network */ = {
			isa = PBXGroup;
			children = (
				846D6F032B6AEAE80074F2F3 /* HTTPMethod.swift */,
				846D6F012B6AEAE00074F2F3 /* RESTClient.swift */,
				846D6EFF2B6AEAD80074F2F3 /* RESTClientError.swift */,
			);
			path = Network;
			sourceTree = "<group>";
		};
		846D6F052B6AEC240074F2F3 /* DI */ = {
			isa = PBXGroup;
			children = (
				84ED67832B69C8B0001D600A /* UnderwritingContainer.swift */,
			);
			path = DI;
			sourceTree = "<group>";
		};
		846D6F062B6AEC310074F2F3 /* DI */ = {
			isa = PBXGroup;
			children = (
				846D6F072B6AEC420074F2F3 /* CoreContainer.swift */,
			);
			path = DI;
			sourceTree = "<group>";
		};
		846D6F132B6B02350074F2F3 /* Errors */ = {
			isa = PBXGroup;
			children = (
				846D6F112B6B01A60074F2F3 /* CommonError.swift */,
			);
			path = Errors;
			sourceTree = "<group>";
		};
		849471CE2B8693B5000EC4D3 /* DI */ = {
			isa = PBXGroup;
			children = (
				849471CF2B8694E4000EC4D3 /* OnboardingContainer.swift */,
			);
			path = DI;
			sourceTree = "<group>";
		};
		849471D12B86970B000EC4D3 /* Domain */ = {
			isa = PBXGroup;
			children = (
				849471D52B86975C000EC4D3 /* Usecases */,
				849471D42B869746000EC4D3 /* Repositories */,
				849471D22B869719000EC4D3 /* Entities */,
			);
			path = Domain;
			sourceTree = "<group>";
		};
		849471D22B869719000EC4D3 /* Entities */ = {
			isa = PBXGroup;
			children = (
				843969832B87709300FA3E00 /* AppState.swift */,
			);
			path = Entities;
			sourceTree = "<group>";
		};
		849471D42B869746000EC4D3 /* Repositories */ = {
			isa = PBXGroup;
			children = (
				849471DC2B86A0B1000EC4D3 /* WalletRepository.swift */,
			);
			path = Repositories;
			sourceTree = "<group>";
		};
		849471D52B86975C000EC4D3 /* Usecases */ = {
			isa = PBXGroup;
			children = (
				840C6DC82B8570850052E6AA /* ConnectWallet.swift */,
				8439696D2B86DD9000FA3E00 /* IsWalletConnected.swift */,
				8439697B2B86EAD400FA3E00 /* GetAppState.swift */,
			);
			path = Usecases;
			sourceTree = "<group>";
		};
		849471D62B8699F0000EC4D3 /* Data */ = {
			isa = PBXGroup;
			children = (
				849471D72B869A0E000EC4D3 /* Datasources */,
				849471D92B869A1B000EC4D3 /* Repositories */,
				849471D82B869A14000EC4D3 /* Models */,
			);
			path = Data;
			sourceTree = "<group>";
		};
		849471D72B869A0E000EC4D3 /* Datasources */ = {
			isa = PBXGroup;
			children = (
				846D6F1D2B6C38D90074F2F3 /* WalletLocalDataSource.swift */,
			);
			path = Datasources;
			sourceTree = "<group>";
		};
		849471D82B869A14000EC4D3 /* Models */ = {
			isa = PBXGroup;
			children = (
			);
			path = Models;
			sourceTree = "<group>";
		};
		849471D92B869A1B000EC4D3 /* Repositories */ = {
			isa = PBXGroup;
			children = (
				843969692B86D4D900FA3E00 /* WalletRepositoryImpl.swift */,
			);
			path = Repositories;
			sourceTree = "<group>";
		};
		849471DE2B86AC01000EC4D3 /* Domain */ = {
			isa = PBXGroup;
			children = (
				849471EC2B86B5FB000EC4D3 /* Usecases */,
				849471E62B86AEDB000EC4D3 /* Repositories */,
				849471EB2B86B509000EC4D3 /* Entities */,
				846D6F132B6B02350074F2F3 /* Errors */,
			);
			path = Domain;
			sourceTree = "<group>";
		};
		849471E02B86AC26000EC4D3 /* Data */ = {
			isa = PBXGroup;
			children = (
				849471E12B86AC36000EC4D3 /* DataSources */,
				849471E32B86AD96000EC4D3 /* Models */,
				849471E22B86AD88000EC4D3 /* Repositories */,
			);
			path = Data;
			sourceTree = "<group>";
		};
		849471E12B86AC36000EC4D3 /* DataSources */ = {
			isa = PBXGroup;
			children = (
				849471E42B86AEC4000EC4D3 /* EthereumRemoteDatasource.swift */,
			);
			path = DataSources;
			sourceTree = "<group>";
		};
		849471E22B86AD88000EC4D3 /* Repositories */ = {
			isa = PBXGroup;
			children = (
				849471E72B86B0BB000EC4D3 /* EthereumRepositoryImpl.swift */,
			);
			path = Repositories;
			sourceTree = "<group>";
		};
		849471E32B86AD96000EC4D3 /* Models */ = {
			isa = PBXGroup;
			children = (
				840C6DCA2B85734A0052E6AA /* EthereumTransactionReceiptStatusModel.swift */,
			);
			path = Models;
			sourceTree = "<group>";
		};
		849471E62B86AEDB000EC4D3 /* Repositories */ = {
			isa = PBXGroup;
			children = (
				849471E92B86B25A000EC4D3 /* EthereumRepository.swift */,
			);
			path = Repositories;
			sourceTree = "<group>";
		};
		849471EB2B86B509000EC4D3 /* Entities */ = {
			isa = PBXGroup;
			children = (
				840C6DC42B856A200052E6AA /* TransactionStateEntity.swift */,
			);
			path = Entities;
			sourceTree = "<group>";
		};
		849471EC2B86B5FB000EC4D3 /* Usecases */ = {
			isa = PBXGroup;
			children = (
				840C6DD22B857AC70052E6AA /* GetTransactionState.swift */,
			);
			path = Usecases;
			sourceTree = "<group>";
		};
		84A4F86E2B6368F30018AA37 = {
			isa = PBXGroup;
			children = (
				84A4F8792B6368F30018AA37 /* HospitalCash */,
				84A4F8782B6368F30018AA37 /* Products */,
			);
			sourceTree = "<group>";
		};
		84A4F8782B6368F30018AA37 /* Products */ = {
			isa = PBXGroup;
			children = (
				84A4F8772B6368F30018AA37 /* HospitalCash.app */,
			);
			name = Products;
			sourceTree = "<group>";
		};
		84A4F8792B6368F30018AA37 /* HospitalCash */ = {
			isa = PBXGroup;
			children = (
				8454E8B82B77AA1E007A3887 /* Info.plist */,
				84ED67302B63DD49001D600A /* Core */,
				84ED672A2B63D8DC001D600A /* Features */,
				84A4F87A2B6368F30018AA37 /* HospitalCashApp.swift */,
				84A4F87C2B6368F30018AA37 /* ContentView.swift */,
				84A4F87E2B6368F40018AA37 /* Assets.xcassets */,
				84A4F8802B6368F40018AA37 /* Preview Content */,
				84ED67332B640244001D600A /* Localizable.xcstrings */,
			);
			path = HospitalCash;
			sourceTree = "<group>";
		};
		84A4F8802B6368F40018AA37 /* Preview Content */ = {
			isa = PBXGroup;
			children = (
				84A4F8812B6368F40018AA37 /* Preview Assets.xcassets */,
			);
			path = "Preview Content";
			sourceTree = "<group>";
		};
		84ED672A2B63D8DC001D600A /* Features */ = {
			isa = PBXGroup;
			children = (
				843969852B8775A100FA3E00 /* Health */,
				841A964D2B7E67A400BDA450 /* Contract */,
				84ED674A2B645891001D600A /* Underwriting */,
				84ED672B2B63D942001D600A /* Onboarding */,
			);
			path = Features;
			sourceTree = "<group>";
		};
		84ED672B2B63D942001D600A /* Onboarding */ = {
			isa = PBXGroup;
			children = (
				849471CE2B8693B5000EC4D3 /* DI */,
				849471D62B8699F0000EC4D3 /* Data */,
				849471D12B86970B000EC4D3 /* Domain */,
				84ED672C2B63D956001D600A /* Presentation */,
			);
			path = Onboarding;
			sourceTree = "<group>";
		};
		84ED672C2B63D956001D600A /* Presentation */ = {
			isa = PBXGroup;
			children = (
				84ED67682B66B374001D600A /* ViewModel */,
				84ED673B2B642371001D600A /* Views */,
				84ED672D2B63D965001D600A /* Pages */,
			);
			path = Presentation;
			sourceTree = "<group>";
		};
		84ED672D2B63D965001D600A /* Pages */ = {
			isa = PBXGroup;
			children = (
				84ED672E2B63D97E001D600A /* HomePage.swift */,
				8439697D2B86EFA000FA3E00 /* WelcomePage.swift */,
				843969812B876BD500FA3E00 /* LoadingPage.swift */,
			);
			path = Pages;
			sourceTree = "<group>";
		};
		84ED67302B63DD49001D600A /* Core */ = {
			isa = PBXGroup;
			children = (
				846D6F062B6AEC310074F2F3 /* DI */,
				849471E02B86AC26000EC4D3 /* Data */,
				849471DE2B86AC01000EC4D3 /* Domain */,
				846D6EFD2B6AEA980074F2F3 /* Helper */,
				8454E8A42B75B8E3007A3887 /* Config */,
				84ED67312B63DD54001D600A /* Presentation */,
			);
			path = Core;
			sourceTree = "<group>";
		};
		84ED67312B63DD54001D600A /* Presentation */ = {
			isa = PBXGroup;
			children = (
				84ED67322B63DD69001D600A /* Views */,
			);
			path = Presentation;
			sourceTree = "<group>";
		};
		84ED67322B63DD69001D600A /* Views */ = {
			isa = PBXGroup;
			children = (
				84ED67752B69B3EB001D600A /* Input */,
				843969912B8794E100FA3E00 /* ErrorViewBuilder.swift */,
				84ED67352B640828001D600A /* ListTile.swift */,
				84ED67732B69B3D7001D600A /* SheetPageLayout.swift */,
				84ED67392B640D44001D600A /* Avatar.swift */,
				84ED67442B644092001D600A /* BottomBar.swift */,
				84ED67462B6443D4001D600A /* CustomDivider.swift */,
				84ED67622B668540001D600A /* InfoBox.swift */,
			);
			path = Views;
			sourceTree = "<group>";
		};
		84ED673B2B642371001D600A /* Views */ = {
			isa = PBXGroup;
			children = (
				841A96572B7E68AB00BDA450 /* MetaMaskButton.swift */,
				84ED673C2B642446001D600A /* InsuranceAdvantagesColumn.swift */,
				84ED673E2B64332A001D600A /* HospitalCashLogo.swift */,
				84ED67402B6434D6001D600A /* ProductDescriptionText.swift */,
				84ED67482B64488F001D600A /* ProductDescriptionGroup.swift */,
				8439697F2B86F3C400FA3E00 /* ConnectWithWalletPage.swift */,
				8439698F2B87768E00FA3E00 /* LoginButton.swift */,
				843969932B87AA6900FA3E00 /* WalletErrorViewBuilder.swift */,
				843969952B87C90700FA3E00 /* WalletSheetViewBuilder.swift */,
			);
			path = Views;
			sourceTree = "<group>";
		};
		84ED674A2B645891001D600A /* Underwriting */ = {
			isa = PBXGroup;
			children = (
				846D6F052B6AEC240074F2F3 /* DI */,
				84ED676A2B66B8EB001D600A /* Data */,
				84ED67782B69C050001D600A /* Domain */,
				84ED674B2B64591F001D600A /* Presentation */,
			);
			path = Underwriting;
			sourceTree = "<group>";
		};
		84ED674B2B64591F001D600A /* Presentation */ = {
			isa = PBXGroup;
			children = (
				84ED675B2B65D924001D600A /* ViewModel */,
				84ED674D2B64593C001D600A /* Views */,
				84ED674C2B645936001D600A /* Pages */,
			);
			path = Presentation;
			sourceTree = "<group>";
		};
		84ED674C2B645936001D600A /* Pages */ = {
			isa = PBXGroup;
			children = (
				84ED674E2B645961001D600A /* BMIPage.swift */,
				841A96552B7E689600BDA450 /* PayWithWalletPage.swift */,
				84ED67502B652DB0001D600A /* HealthQuestionPage.swift */,
				84ED67662B66976F001D600A /* PremiumCalculationPage.swift */,
				84ED67712B69B258001D600A /* PremiumDetailPage.swift */,
				84C426672B82E403002AC308 /* ContractDetailPage.swift */,
				843969972B87F70100FA3E00 /* AlreadyInsured.swift */,
			);
			path = Pages;
			sourceTree = "<group>";
		};
		84ED674D2B64593C001D600A /* Views */ = {
			isa = PBXGroup;
			children = (
				84ED67522B652F68001D600A /* UnderwritingSheet.swift */,
				8454E8BD2B77DC8F007A3887 /* PremiumDetailGroup.swift */,
				840C6DC22B84E6710052E6AA /* ContractDetailGroup.swift */,
			);
			path = Views;
			sourceTree = "<group>";
		};
		84ED67582B654AE2001D600A /* Buttons */ = {
			isa = PBXGroup;
			children = (
				840C6DBD2B84C5EB0052E6AA /* CopyButton.swift */,
				84ED67422B6435DF001D600A /* ProminentButton.swift */,
				84ED67542B65351F001D600A /* NavigationDestinationButton.swift */,
				84ED67562B653840001D600A /* ButtonLabel.swift */,
				84ED67592B654B59001D600A /* CloseButton.swift */,
				8454E8C32B783F54007A3887 /* NavigationLinkButton.swift */,
				84EC9DB82B79676300B839DA /* CustomButton.swift */,
				84EC9DBA2B7967D300B839DA /* BorderedButton.swift */,
			);
			path = Buttons;
			sourceTree = "<group>";
		};
		84ED675B2B65D924001D600A /* ViewModel */ = {
			isa = PBXGroup;
			children = (
				8439696B2B86DBF600FA3E00 /* UnderwritingVM.swift */,
			);
			path = ViewModel;
			sourceTree = "<group>";
		};
		84ED67602B6684E1001D600A /* TextFields */ = {
			isa = PBXGroup;
			children = (
				84ED675C2B65DE26001D600A /* NumberField.swift */,
				84ED675E2B666E9B001D600A /* OutputFloatingPointField.swift */,
				840C6DC02B84CDC90052E6AA /* OutputDateRangeField.swift */,
			);
			path = TextFields;
			sourceTree = "<group>";
		};
		84ED67682B66B374001D600A /* ViewModel */ = {
			isa = PBXGroup;
			children = (
				849471CC2B869348000EC4D3 /* WalletVM.swift */,
			);
			path = ViewModel;
			sourceTree = "<group>";
		};
		84ED676A2B66B8EB001D600A /* Data */ = {
			isa = PBXGroup;
			children = (
				84ED677B2B69C16C001D600A /* Datasources */,
				84ED677C2B69C176001D600A /* Models */,
				84ED677D2B69C17D001D600A /* Repositories */,
			);
			path = Data;
			sourceTree = "<group>";
		};
		84ED676B2B66B8F3001D600A /* Entities */ = {
			isa = PBXGroup;
			children = (
				84ED676F2B66B96D001D600A /* HealthQuestionEntity.swift */,
				8454E8B22B7683A3007A3887 /* PremiumCalculationEntity.swift */,
				8454E8B92B77D6C1007A3887 /* PremiumEntity.swift */,
				84F8EAC92B80FC3E00D0A414 /* BodyMeasureEntity.swift */,
				84F8EACB2B810DF300D0A414 /* InsuranceContractEntity.swift */,
				84F8EACD2B81109400D0A414 /* ContractApplicationEntity.swift */,
				840C6DD42B85811C0052E6AA /* NewContractEventEntity.swift */,
			);
			path = Entities;
			sourceTree = "<group>";
		};
		84ED67752B69B3EB001D600A /* Input */ = {
			isa = PBXGroup;
			children = (
				840C6DBF2B84C6880052E6AA /* Toggles */,
				84ED67602B6684E1001D600A /* TextFields */,
				84ED67582B654AE2001D600A /* Buttons */,
			);
			path = Input;
			sourceTree = "<group>";
		};
		84ED67782B69C050001D600A /* Domain */ = {
			isa = PBXGroup;
			children = (
				84ED677A2B69C140001D600A /* Repositories */,
				84ED67792B69C128001D600A /* UseCases */,
				84ED676B2B66B8F3001D600A /* Entities */,
			);
			path = Domain;
			sourceTree = "<group>";
		};
		84ED67792B69C128001D600A /* UseCases */ = {
			isa = PBXGroup;
			children = (
				84ED677E2B69C2BE001D600A /* CalculateBMI.swift */,
				84ED67852B69D102001D600A /* CheckHealthQuestionValidity.swift */,
				846D6F142B6B08020074F2F3 /* CalculateEurInEth.swift */,
				846D6F162B6B08250074F2F3 /* CalculateEthInEur.swift */,
				8454E8AB2B765A10007A3887 /* CalculateYearlyPremium.swift */,
				8454E8C72B79199C007A3887 /* CheckBMI.swift */,
				84F8EAC72B80FB6000D0A414 /* UnderwriteContract.swift */,
				840C6DD02B8579D70052E6AA /* GetValidContract.swift */,
				849471C72B865F0B000EC4D3 /* GetContractByTransaction.swift */,
			);
			path = UseCases;
			sourceTree = "<group>";
		};
		84ED677A2B69C140001D600A /* Repositories */ = {
			isa = PBXGroup;
			children = (
				846D6F0D2B6AFAB10074F2F3 /* ExchangeRateRepository.swift */,
				8454E8A92B765995007A3887 /* ContractRepository.swift */,
			);
			path = Repositories;
			sourceTree = "<group>";
		};
		84ED677B2B69C16C001D600A /* Datasources */ = {
			isa = PBXGroup;
			children = (
				846D6F092B6AED130074F2F3 /* ExchangeRateRemoteDatasource.swift */,
				8454E88E2B6E79B7007A3887 /* ContractRemoteDatasource.swift */,
			);
			path = Datasources;
			sourceTree = "<group>";
		};
		84ED677C2B69C176001D600A /* Models */ = {
			isa = PBXGroup;
			children = (
				846D6F0B2B6AF0D70074F2F3 /* ExchangeRateDataModel.swift */,
				8454E8862B6C9790007A3887 /* GetMonthlyPremiumRequestModel.swift */,
				8454E8AF2B76750B007A3887 /* GetMonthlyPremiumResponseModel.swift */,
				8454E8C52B7867F7007A3887 /* JSONRPCErrorDetailModel.swift */,
				8454E8C92B791C4B007A3887 /* CheckBMIRequestModel.swift */,
				8454E8CB2B791C71007A3887 /* CheckBMIResponseModel.swift */,
				8454E8CD2B791C89007A3887 /* CheckHealthQuestionsRequestModel.swift */,
				8454E8CF2B791CA1007A3887 /* CheckHealthQuestionsResponseModel.swift */,
				84EA13D62B7976870075561E /* HealthQuestionModel.swift */,
				84C4265B2B8232F4002AC308 /* UnderwriteContractRequestModel.swift */,
				84C4265F2B823355002AC308 /* PremiumCalculationModel.swift */,
				84C426612B823364002AC308 /* BodyMeasureModel.swift */,
				84C426632B823392002AC308 /* InsuranceContractModel.swift */,
				84C426652B8235F1002AC308 /* ContractApplicationModel.swift */,
				840C6DC62B856D770052E6AA /* NewContractEventModel.swift */,
				840C6DCC2B8575AD0052E6AA /* GetValidContractRequestModel.swift */,
				840C6DCE2B8575CD0052E6AA /* GetValidContractResponseModel.swift */,
				8439696F2B86E54200FA3E00 /* GetContractRequestModel.swift */,
				843969712B86E55500FA3E00 /* GetContractResponseModel.swift */,
				843969732B86E74600FA3E00 /* HasContractRequestModel.swift */,
				843969752B86E77E00FA3E00 /* HasValidContractRequestModel.swift */,
				843969772B86E79900FA3E00 /* HasContractResponseModel.swift */,
				843969792B86E7AE00FA3E00 /* HasValidContractResponseModel.swift */,
			);
			path = Models;
			sourceTree = "<group>";
		};
		84ED677D2B69C17D001D600A /* Repositories */ = {
			isa = PBXGroup;
			children = (
				846D6F0F2B6AFB660074F2F3 /* ExchangeRateRepositoryImpl.swift */,
				8454E8AD2B765EF0007A3887 /* ContractRepositoryImpl.swift */,
			);
			path = Repositories;
			sourceTree = "<group>";
		};
/* End PBXGroup section */

/* Begin PBXNativeTarget section */
		84A4F8762B6368F30018AA37 /* HospitalCash */ = {
			isa = PBXNativeTarget;
			buildConfigurationList = 84A4F8852B6368F40018AA37 /* Build configuration list for PBXNativeTarget "HospitalCash" */;
			buildPhases = (
				84A4F8732B6368F30018AA37 /* Sources */,
				84A4F8742B6368F30018AA37 /* Frameworks */,
				84A4F8752B6368F30018AA37 /* Resources */,
			);
			buildRules = (
			);
			dependencies = (
			);
			name = HospitalCash;
			packageProductDependencies = (
				84ED67812B69C7D3001D600A /* Factory */,
				846D6F1A2B6C372D0074F2F3 /* metamask-ios-sdk */,
				8454E8A02B6FC1E4007A3887 /* web3-zksync.swift */,
				8454E8A22B6FC1E4007A3887 /* web3.swift */,
			);
			productName = HospitalCash;
			productReference = 84A4F8772B6368F30018AA37 /* HospitalCash.app */;
			productType = "com.apple.product-type.application";
		};
/* End PBXNativeTarget section */

/* Begin PBXProject section */
		84A4F86F2B6368F30018AA37 /* Project object */ = {
			isa = PBXProject;
			attributes = {
				BuildIndependentTargetsInParallel = 1;
				LastSwiftUpdateCheck = 1520;
				LastUpgradeCheck = 1520;
				TargetAttributes = {
					84A4F8762B6368F30018AA37 = {
						CreatedOnToolsVersion = 15.2;
					};
				};
			};
			buildConfigurationList = 84A4F8722B6368F30018AA37 /* Build configuration list for PBXProject "HospitalCash" */;
			compatibilityVersion = "Xcode 14.0";
			developmentRegion = de;
			hasScannedForEncodings = 0;
			knownRegions = (
				en,
				Base,
				de,
			);
			mainGroup = 84A4F86E2B6368F30018AA37;
			packageReferences = (
				84ED67802B69C7D3001D600A /* XCRemoteSwiftPackageReference "Factory" */,
				846D6F192B6C372D0074F2F3 /* XCLocalSwiftPackageReference "../fork/metamask-ios-sdk" */,
				8454E89F2B6FC1E4007A3887 /* XCLocalSwiftPackageReference "../other/web3.swift" */,
			);
			productRefGroup = 84A4F8782B6368F30018AA37 /* Products */;
			projectDirPath = "";
			projectRoot = "";
			targets = (
				84A4F8762B6368F30018AA37 /* HospitalCash */,
			);
		};
/* End PBXProject section */

/* Begin PBXResourcesBuildPhase section */
		84A4F8752B6368F30018AA37 /* Resources */ = {
			isa = PBXResourcesBuildPhase;
			buildActionMask = 2147483647;
			files = (
				84A4F8822B6368F40018AA37 /* Preview Assets.xcassets in Resources */,
				84A4F87F2B6368F40018AA37 /* Assets.xcassets in Resources */,
				84ED67342B640244001D600A /* Localizable.xcstrings in Resources */,
			);
			runOnlyForDeploymentPostprocessing = 0;
		};
/* End PBXResourcesBuildPhase section */

/* Begin PBXSourcesBuildPhase section */
		84A4F8732B6368F30018AA37 /* Sources */ = {
			isa = PBXSourcesBuildPhase;
			buildActionMask = 2147483647;
			files = (
				84C426622B823364002AC308 /* BodyMeasureModel.swift in Sources */,
				84ED674F2B645961001D600A /* BMIPage.swift in Sources */,
				849471DD2B86A0B1000EC4D3 /* WalletRepository.swift in Sources */,
				849471E82B86B0BB000EC4D3 /* EthereumRepositoryImpl.swift in Sources */,
				843969922B8794E100FA3E00 /* ErrorViewBuilder.swift in Sources */,
				84ED673D2B642446001D600A /* InsuranceAdvantagesColumn.swift in Sources */,
				846D6F0A2B6AED130074F2F3 /* ExchangeRateRemoteDatasource.swift in Sources */,
				84F8EACC2B810DF300D0A414 /* InsuranceContractEntity.swift in Sources */,
				843969722B86E55500FA3E00 /* GetContractResponseModel.swift in Sources */,
				84C426682B82E403002AC308 /* ContractDetailPage.swift in Sources */,
				8454E8C42B783F54007A3887 /* NavigationLinkButton.swift in Sources */,
				846D6F102B6AFB660074F2F3 /* ExchangeRateRepositoryImpl.swift in Sources */,
				849471E52B86AEC4000EC4D3 /* EthereumRemoteDatasource.swift in Sources */,
				843969982B87F70100FA3E00 /* AlreadyInsured.swift in Sources */,
				840C6DC72B856D770052E6AA /* NewContractEventModel.swift in Sources */,
				843969802B86F3C400FA3E00 /* ConnectWithWalletPage.swift in Sources */,
				840C6DC52B856A200052E6AA /* TransactionStateEntity.swift in Sources */,
				843969842B87709300FA3E00 /* AppState.swift in Sources */,
				84ED67702B66B96D001D600A /* HealthQuestionEntity.swift in Sources */,
				84C426602B823355002AC308 /* PremiumCalculationModel.swift in Sources */,
				8454E88F2B6E79B7007A3887 /* ContractRemoteDatasource.swift in Sources */,
				84ED67412B6434D6001D600A /* ProductDescriptionText.swift in Sources */,
				84ED67532B652F68001D600A /* UnderwritingSheet.swift in Sources */,
				846D6F082B6AEC420074F2F3 /* CoreContainer.swift in Sources */,
				840C6DCF2B8575CD0052E6AA /* GetValidContractResponseModel.swift in Sources */,
				8454E8CA2B791C4B007A3887 /* CheckBMIRequestModel.swift in Sources */,
				8454E8872B6C9790007A3887 /* GetMonthlyPremiumRequestModel.swift in Sources */,
				849471C82B865F0B000EC4D3 /* GetContractByTransaction.swift in Sources */,
				8439696C2B86DBF600FA3E00 /* UnderwritingVM.swift in Sources */,
				843969942B87AA6900FA3E00 /* WalletErrorViewBuilder.swift in Sources */,
				84ED67632B668540001D600A /* InfoBox.swift in Sources */,
				849471D02B8694E4000EC4D3 /* OnboardingContainer.swift in Sources */,
				840C6DCB2B85734A0052E6AA /* EthereumTransactionReceiptStatusModel.swift in Sources */,
				8454E8C82B79199C007A3887 /* CheckBMI.swift in Sources */,
				84C4265C2B8232F4002AC308 /* UnderwriteContractRequestModel.swift in Sources */,
				84C426642B823392002AC308 /* InsuranceContractModel.swift in Sources */,
				840C6DCD2B8575AD0052E6AA /* GetValidContractRequestModel.swift in Sources */,
				841A96582B7E68AB00BDA450 /* MetaMaskButton.swift in Sources */,
				840C6DD32B857AC70052E6AA /* GetTransactionState.swift in Sources */,
				84ED67652B668A50001D600A /* InfoToggle.swift in Sources */,
				8454E8AC2B765A10007A3887 /* CalculateYearlyPremium.swift in Sources */,
				843969702B86E54200FA3E00 /* GetContractRequestModel.swift in Sources */,
				840C6DC12B84CDC90052E6AA /* OutputDateRangeField.swift in Sources */,
				843969962B87C90700FA3E00 /* WalletSheetViewBuilder.swift in Sources */,
				846D6F022B6AEAE00074F2F3 /* RESTClient.swift in Sources */,
				846D6F152B6B08020074F2F3 /* CalculateEurInEth.swift in Sources */,
				84EA13D72B7976870075561E /* HealthQuestionModel.swift in Sources */,
				8454E8D02B791CA1007A3887 /* CheckHealthQuestionsResponseModel.swift in Sources */,
				84ED67842B69C8B0001D600A /* UnderwritingContainer.swift in Sources */,
				846D6F0C2B6AF0D70074F2F3 /* ExchangeRateDataModel.swift in Sources */,
				84ED67432B6435DF001D600A /* ProminentButton.swift in Sources */,
				84A4F87D2B6368F30018AA37 /* ContentView.swift in Sources */,
				8454E8CC2B791C71007A3887 /* CheckBMIResponseModel.swift in Sources */,
				849471CD2B869348000EC4D3 /* WalletVM.swift in Sources */,
				8454E8AE2B765EF0007A3887 /* ContractRepositoryImpl.swift in Sources */,
				8454E8A82B763D5B007A3887 /* Configuration.swift in Sources */,
				84ED673F2B64332A001D600A /* HospitalCashLogo.swift in Sources */,
				8439697E2B86EFA000FA3E00 /* WelcomePage.swift in Sources */,
				84ED67742B69B3D7001D600A /* SheetPageLayout.swift in Sources */,
				843969902B87768E00FA3E00 /* LoginButton.swift in Sources */,
				84C426662B8235F1002AC308 /* ContractApplicationModel.swift in Sources */,
				84F8EACA2B80FC3E00D0A414 /* BodyMeasureEntity.swift in Sources */,
				846D6F042B6AEAE80074F2F3 /* HTTPMethod.swift in Sources */,
				8454E8B62B768FC1007A3887 /* EthUnits.swift in Sources */,
				84ED672F2B63D97E001D600A /* HomePage.swift in Sources */,
				840C6DC92B8570850052E6AA /* ConnectWallet.swift in Sources */,
				843969742B86E74600FA3E00 /* HasContractRequestModel.swift in Sources */,
				8454E8B02B76750B007A3887 /* GetMonthlyPremiumResponseModel.swift in Sources */,
				84ED675F2B666E9B001D600A /* OutputFloatingPointField.swift in Sources */,
				843969822B876BD500FA3E00 /* LoadingPage.swift in Sources */,
				84ED67672B66976F001D600A /* PremiumCalculationPage.swift in Sources */,
				846D6F1E2B6C38D90074F2F3 /* WalletLocalDataSource.swift in Sources */,
				84F8EAC82B80FB6000D0A414 /* UnderwriteContract.swift in Sources */,
				841A96562B7E689600BDA450 /* PayWithWalletPage.swift in Sources */,
				8454E8BE2B77DC8F007A3887 /* PremiumDetailGroup.swift in Sources */,
				8454E8AA2B765995007A3887 /* ContractRepository.swift in Sources */,
				84ED677F2B69C2BE001D600A /* CalculateBMI.swift in Sources */,
				846D6F002B6AEAD80074F2F3 /* RESTClientError.swift in Sources */,
				849471EA2B86B25A000EC4D3 /* EthereumRepository.swift in Sources */,
				846D6F122B6B01A60074F2F3 /* CommonError.swift in Sources */,
				846D6F172B6B08250074F2F3 /* CalculateEthInEur.swift in Sources */,
				843969762B86E77E00FA3E00 /* HasValidContractRequestModel.swift in Sources */,
				84ED67492B64488F001D600A /* ProductDescriptionGroup.swift in Sources */,
				84ED67862B69D102001D600A /* CheckHealthQuestionValidity.swift in Sources */,
				840C6DBE2B84C5EB0052E6AA /* CopyButton.swift in Sources */,
				849471C62B863CA9000EC4D3 /* DateUtils.swift in Sources */,
				8439696E2B86DD9000FA3E00 /* IsWalletConnected.swift in Sources */,
				84ED675D2B65DE26001D600A /* NumberField.swift in Sources */,
				8439697A2B86E7AE00FA3E00 /* HasValidContractResponseModel.swift in Sources */,
				84ED67512B652DB0001D600A /* HealthQuestionPage.swift in Sources */,
				84ED67572B653840001D600A /* ButtonLabel.swift in Sources */,
				84EC9DB92B79676300B839DA /* CustomButton.swift in Sources */,
				84ED67472B6443D4001D600A /* CustomDivider.swift in Sources */,
				840C6DD52B85811C0052E6AA /* NewContractEventEntity.swift in Sources */,
				843969782B86E79900FA3E00 /* HasContractResponseModel.swift in Sources */,
				84ED675A2B654B59001D600A /* CloseButton.swift in Sources */,
				84ED67452B644092001D600A /* BottomBar.swift in Sources */,
				84A4F87B2B6368F30018AA37 /* HospitalCashApp.swift in Sources */,
				84EC9DBB2B7967D300B839DA /* BorderedButton.swift in Sources */,
				8439697C2B86EAD400FA3E00 /* GetAppState.swift in Sources */,
				8439696A2B86D4D900FA3E00 /* WalletRepositoryImpl.swift in Sources */,
				8454E8C62B7867F7007A3887 /* JSONRPCErrorDetailModel.swift in Sources */,
				84ED673A2B640D44001D600A /* Avatar.swift in Sources */,
				84ED67722B69B258001D600A /* PremiumDetailPage.swift in Sources */,
				840C6DD12B8579D70052E6AA /* GetValidContract.swift in Sources */,
				8454E8CE2B791C89007A3887 /* CheckHealthQuestionsRequestModel.swift in Sources */,
				840C6DC32B84E6710052E6AA /* ContractDetailGroup.swift in Sources */,
				84F8EACE2B81109400D0A414 /* ContractApplicationEntity.swift in Sources */,
				84ED67362B640828001D600A /* ListTile.swift in Sources */,
				8454E8B32B7683A3007A3887 /* PremiumCalculationEntity.swift in Sources */,
				846D6F0E2B6AFAB10074F2F3 /* ExchangeRateRepository.swift in Sources */,
				8454E8BA2B77D6C1007A3887 /* PremiumEntity.swift in Sources */,
				84ED67552B65351F001D600A /* NavigationDestinationButton.swift in Sources */,
			);
			runOnlyForDeploymentPostprocessing = 0;
		};
/* End PBXSourcesBuildPhase section */

/* Begin XCBuildConfiguration section */
		84A4F8832B6368F40018AA37 /* Debug */ = {
			isa = XCBuildConfiguration;
			buildSettings = {
				ALWAYS_SEARCH_USER_PATHS = NO;
				ASSETCATALOG_COMPILER_GENERATE_SWIFT_ASSET_SYMBOL_EXTENSIONS = YES;
				CLANG_ANALYZER_NONNULL = YES;
				CLANG_ANALYZER_NUMBER_OBJECT_CONVERSION = YES_AGGRESSIVE;
				CLANG_CXX_LANGUAGE_STANDARD = "gnu++20";
				CLANG_ENABLE_MODULES = YES;
				CLANG_ENABLE_OBJC_ARC = YES;
				CLANG_ENABLE_OBJC_WEAK = YES;
				CLANG_WARN_BLOCK_CAPTURE_AUTORELEASING = YES;
				CLANG_WARN_BOOL_CONVERSION = YES;
				CLANG_WARN_COMMA = YES;
				CLANG_WARN_CONSTANT_CONVERSION = YES;
				CLANG_WARN_DEPRECATED_OBJC_IMPLEMENTATIONS = YES;
				CLANG_WARN_DIRECT_OBJC_ISA_USAGE = YES_ERROR;
				CLANG_WARN_DOCUMENTATION_COMMENTS = YES;
				CLANG_WARN_EMPTY_BODY = YES;
				CLANG_WARN_ENUM_CONVERSION = YES;
				CLANG_WARN_INFINITE_RECURSION = YES;
				CLANG_WARN_INT_CONVERSION = YES;
				CLANG_WARN_NON_LITERAL_NULL_CONVERSION = YES;
				CLANG_WARN_OBJC_IMPLICIT_RETAIN_SELF = YES;
				CLANG_WARN_OBJC_LITERAL_CONVERSION = YES;
				CLANG_WARN_OBJC_ROOT_CLASS = YES_ERROR;
				CLANG_WARN_QUOTED_INCLUDE_IN_FRAMEWORK_HEADER = YES;
				CLANG_WARN_RANGE_LOOP_ANALYSIS = YES;
				CLANG_WARN_STRICT_PROTOTYPES = YES;
				CLANG_WARN_SUSPICIOUS_MOVE = YES;
				CLANG_WARN_UNGUARDED_AVAILABILITY = YES_AGGRESSIVE;
				CLANG_WARN_UNREACHABLE_CODE = YES;
				CLANG_WARN__DUPLICATE_METHOD_MATCH = YES;
				COPY_PHASE_STRIP = NO;
				DEBUG_INFORMATION_FORMAT = dwarf;
				ENABLE_STRICT_OBJC_MSGSEND = YES;
				ENABLE_TESTABILITY = YES;
				ENABLE_USER_SCRIPT_SANDBOXING = YES;
				GCC_C_LANGUAGE_STANDARD = gnu17;
				GCC_DYNAMIC_NO_PIC = NO;
				GCC_NO_COMMON_BLOCKS = YES;
				GCC_OPTIMIZATION_LEVEL = 0;
				GCC_PREPROCESSOR_DEFINITIONS = (
					"DEBUG=1",
					"$(inherited)",
				);
				GCC_WARN_64_TO_32_BIT_CONVERSION = YES;
				GCC_WARN_ABOUT_RETURN_TYPE = YES_ERROR;
				GCC_WARN_UNDECLARED_SELECTOR = YES;
				GCC_WARN_UNINITIALIZED_AUTOS = YES_AGGRESSIVE;
				GCC_WARN_UNUSED_FUNCTION = YES;
				GCC_WARN_UNUSED_VARIABLE = YES;
				IPHONEOS_DEPLOYMENT_TARGET = 17.2;
				LOCALIZATION_PREFERS_STRING_CATALOGS = YES;
				MTL_ENABLE_DEBUG_INFO = INCLUDE_SOURCE;
				MTL_FAST_MATH = YES;
				ONLY_ACTIVE_ARCH = YES;
				SDKROOT = iphoneos;
				SWIFT_ACTIVE_COMPILATION_CONDITIONS = "DEBUG $(inherited)";
				SWIFT_OPTIMIZATION_LEVEL = "-Onone";
			};
			name = Debug;
		};
		84A4F8842B6368F40018AA37 /* Release */ = {
			isa = XCBuildConfiguration;
			buildSettings = {
				ALWAYS_SEARCH_USER_PATHS = NO;
				ASSETCATALOG_COMPILER_GENERATE_SWIFT_ASSET_SYMBOL_EXTENSIONS = YES;
				CLANG_ANALYZER_NONNULL = YES;
				CLANG_ANALYZER_NUMBER_OBJECT_CONVERSION = YES_AGGRESSIVE;
				CLANG_CXX_LANGUAGE_STANDARD = "gnu++20";
				CLANG_ENABLE_MODULES = YES;
				CLANG_ENABLE_OBJC_ARC = YES;
				CLANG_ENABLE_OBJC_WEAK = YES;
				CLANG_WARN_BLOCK_CAPTURE_AUTORELEASING = YES;
				CLANG_WARN_BOOL_CONVERSION = YES;
				CLANG_WARN_COMMA = YES;
				CLANG_WARN_CONSTANT_CONVERSION = YES;
				CLANG_WARN_DEPRECATED_OBJC_IMPLEMENTATIONS = YES;
				CLANG_WARN_DIRECT_OBJC_ISA_USAGE = YES_ERROR;
				CLANG_WARN_DOCUMENTATION_COMMENTS = YES;
				CLANG_WARN_EMPTY_BODY = YES;
				CLANG_WARN_ENUM_CONVERSION = YES;
				CLANG_WARN_INFINITE_RECURSION = YES;
				CLANG_WARN_INT_CONVERSION = YES;
				CLANG_WARN_NON_LITERAL_NULL_CONVERSION = YES;
				CLANG_WARN_OBJC_IMPLICIT_RETAIN_SELF = YES;
				CLANG_WARN_OBJC_LITERAL_CONVERSION = YES;
				CLANG_WARN_OBJC_ROOT_CLASS = YES_ERROR;
				CLANG_WARN_QUOTED_INCLUDE_IN_FRAMEWORK_HEADER = YES;
				CLANG_WARN_RANGE_LOOP_ANALYSIS = YES;
				CLANG_WARN_STRICT_PROTOTYPES = YES;
				CLANG_WARN_SUSPICIOUS_MOVE = YES;
				CLANG_WARN_UNGUARDED_AVAILABILITY = YES_AGGRESSIVE;
				CLANG_WARN_UNREACHABLE_CODE = YES;
				CLANG_WARN__DUPLICATE_METHOD_MATCH = YES;
				COPY_PHASE_STRIP = NO;
				DEBUG_INFORMATION_FORMAT = "dwarf-with-dsym";
				ENABLE_NS_ASSERTIONS = NO;
				ENABLE_STRICT_OBJC_MSGSEND = YES;
				ENABLE_USER_SCRIPT_SANDBOXING = YES;
				GCC_C_LANGUAGE_STANDARD = gnu17;
				GCC_NO_COMMON_BLOCKS = YES;
				GCC_WARN_64_TO_32_BIT_CONVERSION = YES;
				GCC_WARN_ABOUT_RETURN_TYPE = YES_ERROR;
				GCC_WARN_UNDECLARED_SELECTOR = YES;
				GCC_WARN_UNINITIALIZED_AUTOS = YES_AGGRESSIVE;
				GCC_WARN_UNUSED_FUNCTION = YES;
				GCC_WARN_UNUSED_VARIABLE = YES;
				IPHONEOS_DEPLOYMENT_TARGET = 17.2;
				LOCALIZATION_PREFERS_STRING_CATALOGS = YES;
				MTL_ENABLE_DEBUG_INFO = NO;
				MTL_FAST_MATH = YES;
				SDKROOT = iphoneos;
				SWIFT_COMPILATION_MODE = wholemodule;
				VALIDATE_PRODUCT = YES;
			};
			name = Release;
		};
		84A4F8862B6368F40018AA37 /* Debug */ = {
			isa = XCBuildConfiguration;
			baseConfigurationReference = 8454E8A52B75B96A007A3887 /* Development.xcconfig */;
			buildSettings = {
				ASSETCATALOG_COMPILER_APPICON_NAME = AppIcon;
				ASSETCATALOG_COMPILER_GLOBAL_ACCENT_COLOR_NAME = AccentColor;
				CODE_SIGN_STYLE = Automatic;
				CURRENT_PROJECT_VERSION = 1;
				DEVELOPMENT_ASSET_PATHS = "\"HospitalCash/Preview Content\"";
				DEVELOPMENT_TEAM = NVHSPQ3LP3;
				ENABLE_PREVIEWS = YES;
				GENERATE_INFOPLIST_FILE = YES;
				INFOPLIST_FILE = HospitalCash/Info.plist;
				INFOPLIST_KEY_UIApplicationSceneManifest_Generation = YES;
				INFOPLIST_KEY_UIApplicationSupportsIndirectInputEvents = YES;
				INFOPLIST_KEY_UILaunchScreen_Generation = YES;
				INFOPLIST_KEY_UISupportedInterfaceOrientations_iPad = "UIInterfaceOrientationPortrait UIInterfaceOrientationPortraitUpsideDown UIInterfaceOrientationLandscapeLeft UIInterfaceOrientationLandscapeRight";
				INFOPLIST_KEY_UISupportedInterfaceOrientations_iPhone = "UIInterfaceOrientationPortrait UIInterfaceOrientationLandscapeLeft UIInterfaceOrientationLandscapeRight";
				LD_RUNPATH_SEARCH_PATHS = (
					"$(inherited)",
					"@executable_path/Frameworks",
				);
				MARKETING_VERSION = 1.0;
				PRODUCT_BUNDLE_IDENTIFIER = de.hschaeufler.HospitalCash;
				PRODUCT_NAME = "$(TARGET_NAME)";
				SWIFT_EMIT_LOC_STRINGS = YES;
				SWIFT_VERSION = 5.0;
				TARGETED_DEVICE_FAMILY = "1,2";
			};
			name = Debug;
		};
		84A4F8872B6368F40018AA37 /* Release */ = {
			isa = XCBuildConfiguration;
			baseConfigurationReference = 8454E8A62B75B97A007A3887 /* Release.xcconfig */;
			buildSettings = {
				ASSETCATALOG_COMPILER_APPICON_NAME = AppIcon;
				ASSETCATALOG_COMPILER_GLOBAL_ACCENT_COLOR_NAME = AccentColor;
				CODE_SIGN_STYLE = Automatic;
				CURRENT_PROJECT_VERSION = 1;
				DEVELOPMENT_ASSET_PATHS = "\"HospitalCash/Preview Content\"";
				DEVELOPMENT_TEAM = NVHSPQ3LP3;
				ENABLE_PREVIEWS = YES;
				GENERATE_INFOPLIST_FILE = YES;
				INFOPLIST_FILE = HospitalCash/Info.plist;
				INFOPLIST_KEY_UIApplicationSceneManifest_Generation = YES;
				INFOPLIST_KEY_UIApplicationSupportsIndirectInputEvents = YES;
				INFOPLIST_KEY_UILaunchScreen_Generation = YES;
				INFOPLIST_KEY_UISupportedInterfaceOrientations_iPad = "UIInterfaceOrientationPortrait UIInterfaceOrientationPortraitUpsideDown UIInterfaceOrientationLandscapeLeft UIInterfaceOrientationLandscapeRight";
				INFOPLIST_KEY_UISupportedInterfaceOrientations_iPhone = "UIInterfaceOrientationPortrait UIInterfaceOrientationLandscapeLeft UIInterfaceOrientationLandscapeRight";
				LD_RUNPATH_SEARCH_PATHS = (
					"$(inherited)",
					"@executable_path/Frameworks",
				);
				MARKETING_VERSION = 1.0;
				PRODUCT_BUNDLE_IDENTIFIER = de.hschaeufler.HospitalCash;
				PRODUCT_NAME = "$(TARGET_NAME)";
				SWIFT_EMIT_LOC_STRINGS = YES;
				SWIFT_VERSION = 5.0;
				TARGETED_DEVICE_FAMILY = "1,2";
			};
			name = Release;
		};
/* End XCBuildConfiguration section */

/* Begin XCConfigurationList section */
		84A4F8722B6368F30018AA37 /* Build configuration list for PBXProject "HospitalCash" */ = {
			isa = XCConfigurationList;
			buildConfigurations = (
				84A4F8832B6368F40018AA37 /* Debug */,
				84A4F8842B6368F40018AA37 /* Release */,
			);
			defaultConfigurationIsVisible = 0;
			defaultConfigurationName = Release;
		};
		84A4F8852B6368F40018AA37 /* Build configuration list for PBXNativeTarget "HospitalCash" */ = {
			isa = XCConfigurationList;
			buildConfigurations = (
				84A4F8862B6368F40018AA37 /* Debug */,
				84A4F8872B6368F40018AA37 /* Release */,
			);
			defaultConfigurationIsVisible = 0;
			defaultConfigurationName = Release;
		};
/* End XCConfigurationList section */

/* Begin XCLocalSwiftPackageReference section */
		8454E89F2B6FC1E4007A3887 /* XCLocalSwiftPackageReference "../other/web3.swift" */ = {
			isa = XCLocalSwiftPackageReference;
			relativePath = ../other/web3.swift;
		};
		846D6F192B6C372D0074F2F3 /* XCLocalSwiftPackageReference "../fork/metamask-ios-sdk" */ = {
			isa = XCLocalSwiftPackageReference;
			relativePath = "../fork/metamask-ios-sdk";
		};
/* End XCLocalSwiftPackageReference section */

/* Begin XCRemoteSwiftPackageReference section */
		84ED67802B69C7D3001D600A /* XCRemoteSwiftPackageReference "Factory" */ = {
			isa = XCRemoteSwiftPackageReference;
			repositoryURL = "https://github.com/hmlongco/Factory.git";
			requirement = {
				kind = upToNextMajorVersion;
				minimumVersion = 2.3.1;
			};
		};
/* End XCRemoteSwiftPackageReference section */

/* Begin XCSwiftPackageProductDependency section */
		8454E8A02B6FC1E4007A3887 /* web3-zksync.swift */ = {
			isa = XCSwiftPackageProductDependency;
			productName = "web3-zksync.swift";
		};
		8454E8A22B6FC1E4007A3887 /* web3.swift */ = {
			isa = XCSwiftPackageProductDependency;
			productName = web3.swift;
		};
		846D6F1A2B6C372D0074F2F3 /* metamask-ios-sdk */ = {
			isa = XCSwiftPackageProductDependency;
			productName = "metamask-ios-sdk";
		};
		84ED67812B69C7D3001D600A /* Factory */ = {
			isa = XCSwiftPackageProductDependency;
			package = 84ED67802B69C7D3001D600A /* XCRemoteSwiftPackageReference "Factory" */;
			productName = Factory;
		};
/* End XCSwiftPackageProductDependency section */
	};
	rootObject = 84A4F86F2B6368F30018AA37 /* Project object */;
}
